
Microsoft Visual Studio Solution File, Format Version 12.00
# Visual Studio 14
VisualStudioVersion = 14.0.25420.1
MinimumVisualStudioVersion = 10.0.40219.1
Project("{D954291E-2A0B-460D-934E-DC6B0785DB48}") = "forms", "forms.shproj", "{31D1E28A-0EAE-4AC4-A023-B02E7A58A8FC}"
EndProject
Project("{2150E333-8FDC-42A3-9474-1A3956D46DE8}") = "src", "src", "{453F471B-9F4F-4431-85F8-FB7BA2035659}"
	ProjectSection(SolutionItems) = preProject
		src\.props = src\.props
	EndProjectSection
EndProject
Project("{FAE04EC0-301F-11D3-BF4B-00C04F79EFBC}") = "Xamarin.Forms", "src\Xamarin.Forms\Xamarin.Forms.csproj", "{67F9D3A8-F71E-4428-913F-C37AE82CDB24}"
	ProjectSection(ProjectDependencies) = postProject
		{3B72465B-ACAE-43AE-9327-10F372FE5F80} = {3B72465B-ACAE-43AE-9327-10F372FE5F80}
	EndProjectSection
EndProject
Project("{FAE04EC0-301F-11D3-BF4B-00C04F79EFBC}") = "Xamarin.Forms.Maps", "src\Xamarin.Forms.Maps\Xamarin.Forms.Maps.csproj", "{7D13BAC2-C6A4-416A-B07E-C169B199E52B}"
EndProject
Project("{FAE04EC0-301F-11D3-BF4B-00C04F79EFBC}") = "Xamarin.Forms.Bindings", "src\Xamarin.Forms.Bindings\Xamarin.Forms.Bindings.csproj", "{3B72465B-ACAE-43AE-9327-10F372FE5F80}"
EndProject
Project("{FAE04EC0-301F-11D3-BF4B-00C04F79EFBC}") = "Xamarin.Forms.Xaml", "src\Xamarin.Forms.Xaml\Xamarin.Forms.Xaml.csproj", "{9DB2F292-8034-4E06-89AD-98BBDA4306B9}"
EndProject
Project("{FAE04EC0-301F-11D3-BF4B-00C04F79EFBC}") = "Xamarin.Forms.AppLinks", "src\Xamarin.Forms.AppLinks\Xamarin.Forms.AppLinks.csproj", "{A3F22767-213E-46F4-B639-5565668AE2FF}"
EndProject
Project("{FAE04EC0-301F-11D3-BF4B-00C04F79EFBC}") = "Xamarin.Forms.Pages", "src\Xamarin.Forms.Pages\Xamarin.Forms.Pages.csproj", "{EDAFAA1D-61F5-4DDA-B6B4-3E94AAD2C3EE}"
EndProject
Project("{FAE04EC0-301F-11D3-BF4B-00C04F79EFBC}") = "Xamarin.Forms.Pages.Azure", "src\Xamarin.Forms.Pages.Azure\Xamarin.Forms.Pages.Azure.csproj", "{5CC7C14B-C702-444A-9403-2DADF6BA8603}"
EndProject
Project("{FAE04EC0-301F-11D3-BF4B-00C04F79EFBC}") = "Xamarin.Forms.BuildTasks", "src\Xamarin.Forms.BuildTasks\Xamarin.Forms.BuildTasks.csproj", "{80707FB3-8C08-4369-B4BB-4053559EF2EA}"
EndProject
Project("{FAE04EC0-301F-11D3-BF4B-00C04F79EFBC}") = "Xamarin.Forms.Xaml.BuildTasks", "src\Xamarin.Forms.Xaml.BuildTasks\Xamarin.Forms.Xaml.BuildTasks.csproj", "{96D89208-4EB9-4451-BE73-8A9DF3D9D7B7}"
EndProject
Project("{D954291E-2A0B-460D-934E-DC6B0785DB48}") = "mxbuild", "sub\mxbuild\mxbuild.shproj", "{2FDD0418-FA09-4556-B6ED-10E07C1F6DB9}"
EndProject
Project("{FAE04EC0-301F-11D3-BF4B-00C04F79EFBC}") = "Xamarin.Forms.ControlGallery", "src\Xamarin.Forms.ControlGallery\Xamarin.Forms.ControlGallery.csproj", "{CB9C96CE-125C-4A68-B6A1-C3FF1FBF93E1}"
EndProject
Project("{2150E333-8FDC-42A3-9474-1A3956D46DE8}") = "dbg", "dbg", "{FF056C89-6CD5-42C9-A3BD-BF36A07BC536}"
EndProject
Project("{FAE04EC0-301F-11D3-BF4B-00C04F79EFBC}") = "Xamarin.Forms.ControlGallery.Android.Debug", "src\Xamarin.Forms.ControlGallery\debug\Xamarin.Forms.ControlGallery.Android.Debug\Xamarin.Forms.ControlGallery.Android.Debug.csproj", "{FC4F3C7F-3CD5-4F8E-8B72-139A8B526A45}"
EndProject
Project("{FAE04EC0-301F-11D3-BF4B-00C04F79EFBC}") = "Xamarin.Forms.ControlGallery.iOS.Debug", "src\Xamarin.Forms.ControlGallery\debug\Xamarin.Forms.ControlGallery.iOS.Debug\Xamarin.Forms.ControlGallery.iOS.Debug.csproj", "{1E88D3E4-B29B-4AA7-89FB-49405A917559}"
EndProject
Project("{FAE04EC0-301F-11D3-BF4B-00C04F79EFBC}") = "Xamarin.Forms.ControlGallery.UWP.Debug", "src\Xamarin.Forms.ControlGallery\debug\Xamarin.Forms.ControlGallery.UWP.Debug\Xamarin.Forms.ControlGallery.UWP.Debug.csproj", "{60527F31-6CC7-472F-A013-DD2A5B51044E}"
EndProject
Project("{FAE04EC0-301F-11D3-BF4B-00C04F79EFBC}") = "Xamarin.Forms.ControlGallery.Windows.Debug", "src\Xamarin.Forms.ControlGallery\debug\Xamarin.Forms.ControlGallery.Windows.Debug\Xamarin.Forms.ControlGallery.Windows.Debug.csproj", "{4BCCA0E8-7068-41F7-818F-815697A3117E}"
EndProject
Project("{FAE04EC0-301F-11D3-BF4B-00C04F79EFBC}") = "Xamarin.Forms.ControlGallery.WinPhone.Debug", "src\Xamarin.Forms.ControlGallery\debug\Xamarin.Forms.ControlGallery.WinPhone.Debug\Xamarin.Forms.ControlGallery.WinPhone.Debug.csproj", "{120B7106-70AF-4D23-923F-C15A6892DC74}"
EndProject
Global
	GlobalSection(SharedMSBuildProjectFiles) = preSolution
		sub\mxbuild\mxbuild.projitems*{2fdd0418-fa09-4556-b6ed-10e07c1f6db9}*SharedItemsImports = 13
		forms.projitems*{31d1e28a-0eae-4ac4-a023-b02e7a58a8fc}*SharedItemsImports = 13
	EndGlobalSection
	GlobalSection(SolutionConfigurationPlatforms) = preSolution
		Debug|Android = Debug|Android
		Debug|IOS = Debug|IOS
		Debug|Portable = Debug|Portable
		Debug|Win Phone = Debug|Win Phone
		Debug|Win Tablet (arm) = Debug|Win Tablet (arm)
		Debug|Win Tablet (x32) = Debug|Win Tablet (x32)
		Debug|Win Tablet (x64) = Debug|Win Tablet (x64)
		Debug|Win Universal = Debug|Win Universal
		Release|Android = Release|Android
		Release|IOS = Release|IOS
		Release|Portable = Release|Portable
		Release|Win Phone = Release|Win Phone
		Release|Win Tablet (arm) = Release|Win Tablet (arm)
		Release|Win Tablet (x32) = Release|Win Tablet (x32)
		Release|Win Tablet (x64) = Release|Win Tablet (x64)
		Release|Win Universal = Release|Win Universal
	EndGlobalSection
	GlobalSection(ProjectConfigurationPlatforms) = postSolution
		{67F9D3A8-F71E-4428-913F-C37AE82CDB24}.Debug|Android.ActiveCfg = debug|monoDroid
		{67F9D3A8-F71E-4428-913F-C37AE82CDB24}.Debug|Android.Build.0 = debug|monoDroid
		{67F9D3A8-F71E-4428-913F-C37AE82CDB24}.Debug|IOS.ActiveCfg = debug|xamarin.ios
		{67F9D3A8-F71E-4428-913F-C37AE82CDB24}.Debug|IOS.Build.0 = debug|xamarin.ios
		{67F9D3A8-F71E-4428-913F-C37AE82CDB24}.Debug|Portable.ActiveCfg = debug|dotnet
		{67F9D3A8-F71E-4428-913F-C37AE82CDB24}.Debug|Portable.Build.0 = debug|dotnet
		{67F9D3A8-F71E-4428-913F-C37AE82CDB24}.Debug|Win Phone.ActiveCfg = debug|wpa
		{67F9D3A8-F71E-4428-913F-C37AE82CDB24}.Debug|Win Phone.Build.0 = debug|wpa
		{67F9D3A8-F71E-4428-913F-C37AE82CDB24}.Debug|Win Tablet (arm).ActiveCfg = debug|win
		{67F9D3A8-F71E-4428-913F-C37AE82CDB24}.Debug|Win Tablet (arm).Build.0 = debug|win
		{67F9D3A8-F71E-4428-913F-C37AE82CDB24}.Debug|Win Tablet (x32).ActiveCfg = debug|win
		{67F9D3A8-F71E-4428-913F-C37AE82CDB24}.Debug|Win Tablet (x32).Build.0 = debug|win
		{67F9D3A8-F71E-4428-913F-C37AE82CDB24}.Debug|Win Tablet (x64).ActiveCfg = debug|win
		{67F9D3A8-F71E-4428-913F-C37AE82CDB24}.Debug|Win Tablet (x64).Build.0 = debug|win
		{67F9D3A8-F71E-4428-913F-C37AE82CDB24}.Debug|Win Universal.ActiveCfg = debug|uap
		{67F9D3A8-F71E-4428-913F-C37AE82CDB24}.Debug|Win Universal.Build.0 = debug|uap
		{67F9D3A8-F71E-4428-913F-C37AE82CDB24}.Release|Android.ActiveCfg = release|monoDroid
		{67F9D3A8-F71E-4428-913F-C37AE82CDB24}.Release|Android.Build.0 = release|monoDroid
		{67F9D3A8-F71E-4428-913F-C37AE82CDB24}.Release|IOS.ActiveCfg = release|xamarin.ios
		{67F9D3A8-F71E-4428-913F-C37AE82CDB24}.Release|IOS.Build.0 = release|xamarin.ios
		{67F9D3A8-F71E-4428-913F-C37AE82CDB24}.Release|Portable.ActiveCfg = release|dotnet
		{67F9D3A8-F71E-4428-913F-C37AE82CDB24}.Release|Portable.Build.0 = release|dotnet
		{67F9D3A8-F71E-4428-913F-C37AE82CDB24}.Release|Win Phone.ActiveCfg = release|wpa
		{67F9D3A8-F71E-4428-913F-C37AE82CDB24}.Release|Win Phone.Build.0 = release|wpa
		{67F9D3A8-F71E-4428-913F-C37AE82CDB24}.Release|Win Tablet (arm).ActiveCfg = release|win
		{67F9D3A8-F71E-4428-913F-C37AE82CDB24}.Release|Win Tablet (arm).Build.0 = release|win
		{67F9D3A8-F71E-4428-913F-C37AE82CDB24}.Release|Win Tablet (x32).ActiveCfg = release|win
		{67F9D3A8-F71E-4428-913F-C37AE82CDB24}.Release|Win Tablet (x32).Build.0 = release|win
		{67F9D3A8-F71E-4428-913F-C37AE82CDB24}.Release|Win Tablet (x64).ActiveCfg = release|win
		{67F9D3A8-F71E-4428-913F-C37AE82CDB24}.Release|Win Tablet (x64).Build.0 = release|win
		{67F9D3A8-F71E-4428-913F-C37AE82CDB24}.Release|Win Universal.ActiveCfg = release|uap
		{67F9D3A8-F71E-4428-913F-C37AE82CDB24}.Release|Win Universal.Build.0 = release|uap
		{7D13BAC2-C6A4-416A-B07E-C169B199E52B}.Debug|Android.ActiveCfg = debug|monoDroid
		{7D13BAC2-C6A4-416A-B07E-C169B199E52B}.Debug|Android.Build.0 = debug|monoDroid
		{7D13BAC2-C6A4-416A-B07E-C169B199E52B}.Debug|IOS.ActiveCfg = debug|xamarin.ios
		{7D13BAC2-C6A4-416A-B07E-C169B199E52B}.Debug|IOS.Build.0 = debug|xamarin.ios
		{7D13BAC2-C6A4-416A-B07E-C169B199E52B}.Debug|Portable.ActiveCfg = debug|dotnet
		{7D13BAC2-C6A4-416A-B07E-C169B199E52B}.Debug|Portable.Build.0 = debug|dotnet
		{7D13BAC2-C6A4-416A-B07E-C169B199E52B}.Debug|Win Phone.ActiveCfg = debug|wpa
		{7D13BAC2-C6A4-416A-B07E-C169B199E52B}.Debug|Win Phone.Build.0 = debug|wpa
		{7D13BAC2-C6A4-416A-B07E-C169B199E52B}.Debug|Win Tablet (arm).ActiveCfg = debug|win
		{7D13BAC2-C6A4-416A-B07E-C169B199E52B}.Debug|Win Tablet (arm).Build.0 = debug|win
		{7D13BAC2-C6A4-416A-B07E-C169B199E52B}.Debug|Win Tablet (x32).ActiveCfg = debug|win
		{7D13BAC2-C6A4-416A-B07E-C169B199E52B}.Debug|Win Tablet (x32).Build.0 = debug|win
		{7D13BAC2-C6A4-416A-B07E-C169B199E52B}.Debug|Win Tablet (x64).ActiveCfg = debug|win
		{7D13BAC2-C6A4-416A-B07E-C169B199E52B}.Debug|Win Tablet (x64).Build.0 = debug|win
		{7D13BAC2-C6A4-416A-B07E-C169B199E52B}.Debug|Win Universal.ActiveCfg = debug|uap
		{7D13BAC2-C6A4-416A-B07E-C169B199E52B}.Debug|Win Universal.Build.0 = debug|uap
		{7D13BAC2-C6A4-416A-B07E-C169B199E52B}.Release|Android.ActiveCfg = release|monoDroid
		{7D13BAC2-C6A4-416A-B07E-C169B199E52B}.Release|Android.Build.0 = release|monoDroid
		{7D13BAC2-C6A4-416A-B07E-C169B199E52B}.Release|IOS.ActiveCfg = release|xamarin.ios
		{7D13BAC2-C6A4-416A-B07E-C169B199E52B}.Release|IOS.Build.0 = release|xamarin.ios
		{7D13BAC2-C6A4-416A-B07E-C169B199E52B}.Release|Portable.ActiveCfg = release|dotnet
		{7D13BAC2-C6A4-416A-B07E-C169B199E52B}.Release|Portable.Build.0 = release|dotnet
		{7D13BAC2-C6A4-416A-B07E-C169B199E52B}.Release|Win Phone.ActiveCfg = release|wpa
		{7D13BAC2-C6A4-416A-B07E-C169B199E52B}.Release|Win Phone.Build.0 = release|wpa
		{7D13BAC2-C6A4-416A-B07E-C169B199E52B}.Release|Win Tablet (arm).ActiveCfg = release|win
		{7D13BAC2-C6A4-416A-B07E-C169B199E52B}.Release|Win Tablet (arm).Build.0 = release|win
		{7D13BAC2-C6A4-416A-B07E-C169B199E52B}.Release|Win Tablet (x32).ActiveCfg = release|win
		{7D13BAC2-C6A4-416A-B07E-C169B199E52B}.Release|Win Tablet (x32).Build.0 = release|win
		{7D13BAC2-C6A4-416A-B07E-C169B199E52B}.Release|Win Tablet (x64).ActiveCfg = release|win
		{7D13BAC2-C6A4-416A-B07E-C169B199E52B}.Release|Win Tablet (x64).Build.0 = release|win
		{7D13BAC2-C6A4-416A-B07E-C169B199E52B}.Release|Win Universal.ActiveCfg = release|uap
		{7D13BAC2-C6A4-416A-B07E-C169B199E52B}.Release|Win Universal.Build.0 = release|uap
		{3B72465B-ACAE-43AE-9327-10F372FE5F80}.Debug|Android.ActiveCfg = debug|monoDroid.bindings
		{3B72465B-ACAE-43AE-9327-10F372FE5F80}.Debug|Android.Build.0 = debug|monoDroid.bindings
		{3B72465B-ACAE-43AE-9327-10F372FE5F80}.Debug|IOS.ActiveCfg = debug|[none]
		{3B72465B-ACAE-43AE-9327-10F372FE5F80}.Debug|Portable.ActiveCfg = debug|[none]
		{3B72465B-ACAE-43AE-9327-10F372FE5F80}.Debug|Win Phone.ActiveCfg = debug|[none]
		{3B72465B-ACAE-43AE-9327-10F372FE5F80}.Debug|Win Tablet (arm).ActiveCfg = debug|[none]
		{3B72465B-ACAE-43AE-9327-10F372FE5F80}.Debug|Win Tablet (x32).ActiveCfg = debug|[none]
		{3B72465B-ACAE-43AE-9327-10F372FE5F80}.Debug|Win Tablet (x64).ActiveCfg = debug|[none]
		{3B72465B-ACAE-43AE-9327-10F372FE5F80}.Debug|Win Universal.ActiveCfg = debug|[none]
		{3B72465B-ACAE-43AE-9327-10F372FE5F80}.Release|Android.ActiveCfg = release|monoDroid.bindings
		{3B72465B-ACAE-43AE-9327-10F372FE5F80}.Release|Android.Build.0 = release|monoDroid.bindings
		{3B72465B-ACAE-43AE-9327-10F372FE5F80}.Release|IOS.ActiveCfg = release|[none]
		{3B72465B-ACAE-43AE-9327-10F372FE5F80}.Release|Portable.ActiveCfg = release|[none]
		{3B72465B-ACAE-43AE-9327-10F372FE5F80}.Release|Win Phone.ActiveCfg = release|[none]
		{3B72465B-ACAE-43AE-9327-10F372FE5F80}.Release|Win Tablet (arm).ActiveCfg = release|[none]
		{3B72465B-ACAE-43AE-9327-10F372FE5F80}.Release|Win Tablet (x32).ActiveCfg = release|[none]
		{3B72465B-ACAE-43AE-9327-10F372FE5F80}.Release|Win Tablet (x64).ActiveCfg = release|[none]
		{3B72465B-ACAE-43AE-9327-10F372FE5F80}.Release|Win Universal.ActiveCfg = release|[none]
		{9DB2F292-8034-4E06-89AD-98BBDA4306B9}.Debug|Android.ActiveCfg = debug|dotnet
		{9DB2F292-8034-4E06-89AD-98BBDA4306B9}.Debug|Android.Build.0 = debug|dotnet
		{9DB2F292-8034-4E06-89AD-98BBDA4306B9}.Debug|IOS.ActiveCfg = debug|dotnet
		{9DB2F292-8034-4E06-89AD-98BBDA4306B9}.Debug|IOS.Build.0 = debug|dotnet
		{9DB2F292-8034-4E06-89AD-98BBDA4306B9}.Debug|Portable.ActiveCfg = debug|dotnet
		{9DB2F292-8034-4E06-89AD-98BBDA4306B9}.Debug|Portable.Build.0 = debug|dotnet
		{9DB2F292-8034-4E06-89AD-98BBDA4306B9}.Debug|Win Phone.ActiveCfg = debug|dotnet
		{9DB2F292-8034-4E06-89AD-98BBDA4306B9}.Debug|Win Phone.Build.0 = debug|dotnet
		{9DB2F292-8034-4E06-89AD-98BBDA4306B9}.Debug|Win Tablet (arm).ActiveCfg = debug|dotnet
		{9DB2F292-8034-4E06-89AD-98BBDA4306B9}.Debug|Win Tablet (arm).Build.0 = debug|dotnet
		{9DB2F292-8034-4E06-89AD-98BBDA4306B9}.Debug|Win Tablet (x32).ActiveCfg = debug|dotnet
		{9DB2F292-8034-4E06-89AD-98BBDA4306B9}.Debug|Win Tablet (x32).Build.0 = debug|dotnet
		{9DB2F292-8034-4E06-89AD-98BBDA4306B9}.Debug|Win Tablet (x64).ActiveCfg = debug|dotnet
		{9DB2F292-8034-4E06-89AD-98BBDA4306B9}.Debug|Win Tablet (x64).Build.0 = debug|dotnet
		{9DB2F292-8034-4E06-89AD-98BBDA4306B9}.Debug|Win Universal.ActiveCfg = debug|dotnet
		{9DB2F292-8034-4E06-89AD-98BBDA4306B9}.Debug|Win Universal.Build.0 = debug|dotnet
		{9DB2F292-8034-4E06-89AD-98BBDA4306B9}.Release|Android.ActiveCfg = release|dotnet
		{9DB2F292-8034-4E06-89AD-98BBDA4306B9}.Release|Android.Build.0 = release|dotnet
		{9DB2F292-8034-4E06-89AD-98BBDA4306B9}.Release|IOS.ActiveCfg = release|dotnet
		{9DB2F292-8034-4E06-89AD-98BBDA4306B9}.Release|IOS.Build.0 = release|dotnet
		{9DB2F292-8034-4E06-89AD-98BBDA4306B9}.Release|Portable.ActiveCfg = release|dotnet
		{9DB2F292-8034-4E06-89AD-98BBDA4306B9}.Release|Portable.Build.0 = release|dotnet
		{9DB2F292-8034-4E06-89AD-98BBDA4306B9}.Release|Win Phone.ActiveCfg = release|dotnet
		{9DB2F292-8034-4E06-89AD-98BBDA4306B9}.Release|Win Phone.Build.0 = release|dotnet
		{9DB2F292-8034-4E06-89AD-98BBDA4306B9}.Release|Win Tablet (arm).ActiveCfg = release|dotnet
		{9DB2F292-8034-4E06-89AD-98BBDA4306B9}.Release|Win Tablet (arm).Build.0 = release|dotnet
		{9DB2F292-8034-4E06-89AD-98BBDA4306B9}.Release|Win Tablet (x32).ActiveCfg = release|dotnet
		{9DB2F292-8034-4E06-89AD-98BBDA4306B9}.Release|Win Tablet (x32).Build.0 = release|dotnet
		{9DB2F292-8034-4E06-89AD-98BBDA4306B9}.Release|Win Tablet (x64).ActiveCfg = release|dotnet
		{9DB2F292-8034-4E06-89AD-98BBDA4306B9}.Release|Win Tablet (x64).Build.0 = release|dotnet
		{9DB2F292-8034-4E06-89AD-98BBDA4306B9}.Release|Win Universal.ActiveCfg = release|dotnet
		{9DB2F292-8034-4E06-89AD-98BBDA4306B9}.Release|Win Universal.Build.0 = release|dotnet
		{A3F22767-213E-46F4-B639-5565668AE2FF}.Debug|Android.ActiveCfg = debug|monoDroid
		{A3F22767-213E-46F4-B639-5565668AE2FF}.Debug|Android.Build.0 = debug|monoDroid
		{A3F22767-213E-46F4-B639-5565668AE2FF}.Debug|IOS.ActiveCfg = debug|[none]
		{A3F22767-213E-46F4-B639-5565668AE2FF}.Debug|Portable.ActiveCfg = debug|[none]
		{A3F22767-213E-46F4-B639-5565668AE2FF}.Debug|Win Phone.ActiveCfg = debug|[none]
		{A3F22767-213E-46F4-B639-5565668AE2FF}.Debug|Win Tablet (arm).ActiveCfg = debug|[none]
		{A3F22767-213E-46F4-B639-5565668AE2FF}.Debug|Win Tablet (x32).ActiveCfg = debug|[none]
		{A3F22767-213E-46F4-B639-5565668AE2FF}.Debug|Win Tablet (x64).ActiveCfg = debug|[none]
		{A3F22767-213E-46F4-B639-5565668AE2FF}.Debug|Win Universal.ActiveCfg = debug|[none]
		{A3F22767-213E-46F4-B639-5565668AE2FF}.Release|Android.ActiveCfg = release|monoDroid
		{A3F22767-213E-46F4-B639-5565668AE2FF}.Release|Android.Build.0 = release|monoDroid
		{A3F22767-213E-46F4-B639-5565668AE2FF}.Release|IOS.ActiveCfg = release|[none]
		{A3F22767-213E-46F4-B639-5565668AE2FF}.Release|Portable.ActiveCfg = release|[none]
		{A3F22767-213E-46F4-B639-5565668AE2FF}.Release|Win Phone.ActiveCfg = release|[none]
		{A3F22767-213E-46F4-B639-5565668AE2FF}.Release|Win Tablet (arm).ActiveCfg = release|[none]
		{A3F22767-213E-46F4-B639-5565668AE2FF}.Release|Win Tablet (x32).ActiveCfg = release|[none]
		{A3F22767-213E-46F4-B639-5565668AE2FF}.Release|Win Tablet (x64).ActiveCfg = release|[none]
		{A3F22767-213E-46F4-B639-5565668AE2FF}.Release|Win Universal.ActiveCfg = release|[none]
		{EDAFAA1D-61F5-4DDA-B6B4-3E94AAD2C3EE}.Debug|Android.ActiveCfg = debug|dotnet
		{EDAFAA1D-61F5-4DDA-B6B4-3E94AAD2C3EE}.Debug|Android.Build.0 = debug|dotnet
		{EDAFAA1D-61F5-4DDA-B6B4-3E94AAD2C3EE}.Debug|IOS.ActiveCfg = debug|dotnet
		{EDAFAA1D-61F5-4DDA-B6B4-3E94AAD2C3EE}.Debug|IOS.Build.0 = debug|dotnet
		{EDAFAA1D-61F5-4DDA-B6B4-3E94AAD2C3EE}.Debug|Portable.ActiveCfg = debug|dotnet
		{EDAFAA1D-61F5-4DDA-B6B4-3E94AAD2C3EE}.Debug|Portable.Build.0 = debug|dotnet
		{EDAFAA1D-61F5-4DDA-B6B4-3E94AAD2C3EE}.Debug|Win Phone.ActiveCfg = debug|dotnet
		{EDAFAA1D-61F5-4DDA-B6B4-3E94AAD2C3EE}.Debug|Win Phone.Build.0 = debug|dotnet
		{EDAFAA1D-61F5-4DDA-B6B4-3E94AAD2C3EE}.Debug|Win Tablet (arm).ActiveCfg = debug|dotnet
		{EDAFAA1D-61F5-4DDA-B6B4-3E94AAD2C3EE}.Debug|Win Tablet (arm).Build.0 = debug|dotnet
		{EDAFAA1D-61F5-4DDA-B6B4-3E94AAD2C3EE}.Debug|Win Tablet (x32).ActiveCfg = debug|dotnet
		{EDAFAA1D-61F5-4DDA-B6B4-3E94AAD2C3EE}.Debug|Win Tablet (x32).Build.0 = debug|dotnet
		{EDAFAA1D-61F5-4DDA-B6B4-3E94AAD2C3EE}.Debug|Win Tablet (x64).ActiveCfg = debug|dotnet
		{EDAFAA1D-61F5-4DDA-B6B4-3E94AAD2C3EE}.Debug|Win Tablet (x64).Build.0 = debug|dotnet
		{EDAFAA1D-61F5-4DDA-B6B4-3E94AAD2C3EE}.Debug|Win Universal.ActiveCfg = debug|dotnet
		{EDAFAA1D-61F5-4DDA-B6B4-3E94AAD2C3EE}.Debug|Win Universal.Build.0 = debug|dotnet
		{EDAFAA1D-61F5-4DDA-B6B4-3E94AAD2C3EE}.Release|Android.ActiveCfg = release|dotnet
		{EDAFAA1D-61F5-4DDA-B6B4-3E94AAD2C3EE}.Release|Android.Build.0 = release|dotnet
		{EDAFAA1D-61F5-4DDA-B6B4-3E94AAD2C3EE}.Release|IOS.ActiveCfg = release|dotnet
		{EDAFAA1D-61F5-4DDA-B6B4-3E94AAD2C3EE}.Release|IOS.Build.0 = release|dotnet
		{EDAFAA1D-61F5-4DDA-B6B4-3E94AAD2C3EE}.Release|Portable.ActiveCfg = release|dotnet
		{EDAFAA1D-61F5-4DDA-B6B4-3E94AAD2C3EE}.Release|Portable.Build.0 = release|dotnet
		{EDAFAA1D-61F5-4DDA-B6B4-3E94AAD2C3EE}.Release|Win Phone.ActiveCfg = release|dotnet
		{EDAFAA1D-61F5-4DDA-B6B4-3E94AAD2C3EE}.Release|Win Phone.Build.0 = release|dotnet
		{EDAFAA1D-61F5-4DDA-B6B4-3E94AAD2C3EE}.Release|Win Tablet (arm).ActiveCfg = release|dotnet
		{EDAFAA1D-61F5-4DDA-B6B4-3E94AAD2C3EE}.Release|Win Tablet (arm).Build.0 = release|dotnet
		{EDAFAA1D-61F5-4DDA-B6B4-3E94AAD2C3EE}.Release|Win Tablet (x32).ActiveCfg = release|dotnet
		{EDAFAA1D-61F5-4DDA-B6B4-3E94AAD2C3EE}.Release|Win Tablet (x32).Build.0 = release|dotnet
		{EDAFAA1D-61F5-4DDA-B6B4-3E94AAD2C3EE}.Release|Win Tablet (x64).ActiveCfg = release|dotnet
		{EDAFAA1D-61F5-4DDA-B6B4-3E94AAD2C3EE}.Release|Win Tablet (x64).Build.0 = release|dotnet
		{EDAFAA1D-61F5-4DDA-B6B4-3E94AAD2C3EE}.Release|Win Universal.ActiveCfg = release|dotnet
		{EDAFAA1D-61F5-4DDA-B6B4-3E94AAD2C3EE}.Release|Win Universal.Build.0 = release|dotnet
		{5CC7C14B-C702-444A-9403-2DADF6BA8603}.Debug|Android.ActiveCfg = debug|dotnet
		{5CC7C14B-C702-444A-9403-2DADF6BA8603}.Debug|Android.Build.0 = debug|dotnet
		{5CC7C14B-C702-444A-9403-2DADF6BA8603}.Debug|IOS.ActiveCfg = debug|dotnet
		{5CC7C14B-C702-444A-9403-2DADF6BA8603}.Debug|IOS.Build.0 = debug|dotnet
		{5CC7C14B-C702-444A-9403-2DADF6BA8603}.Debug|Portable.ActiveCfg = debug|dotnet
		{5CC7C14B-C702-444A-9403-2DADF6BA8603}.Debug|Portable.Build.0 = debug|dotnet
		{5CC7C14B-C702-444A-9403-2DADF6BA8603}.Debug|Win Phone.ActiveCfg = debug|dotnet
		{5CC7C14B-C702-444A-9403-2DADF6BA8603}.Debug|Win Phone.Build.0 = debug|dotnet
		{5CC7C14B-C702-444A-9403-2DADF6BA8603}.Debug|Win Tablet (arm).ActiveCfg = debug|dotnet
		{5CC7C14B-C702-444A-9403-2DADF6BA8603}.Debug|Win Tablet (arm).Build.0 = debug|dotnet
		{5CC7C14B-C702-444A-9403-2DADF6BA8603}.Debug|Win Tablet (x32).ActiveCfg = debug|dotnet
		{5CC7C14B-C702-444A-9403-2DADF6BA8603}.Debug|Win Tablet (x32).Build.0 = debug|dotnet
		{5CC7C14B-C702-444A-9403-2DADF6BA8603}.Debug|Win Tablet (x64).ActiveCfg = debug|dotnet
		{5CC7C14B-C702-444A-9403-2DADF6BA8603}.Debug|Win Tablet (x64).Build.0 = debug|dotnet
		{5CC7C14B-C702-444A-9403-2DADF6BA8603}.Debug|Win Universal.ActiveCfg = debug|dotnet
		{5CC7C14B-C702-444A-9403-2DADF6BA8603}.Debug|Win Universal.Build.0 = debug|dotnet
		{5CC7C14B-C702-444A-9403-2DADF6BA8603}.Release|Android.ActiveCfg = release|dotnet
		{5CC7C14B-C702-444A-9403-2DADF6BA8603}.Release|Android.Build.0 = release|dotnet
		{5CC7C14B-C702-444A-9403-2DADF6BA8603}.Release|IOS.ActiveCfg = release|dotnet
		{5CC7C14B-C702-444A-9403-2DADF6BA8603}.Release|IOS.Build.0 = release|dotnet
		{5CC7C14B-C702-444A-9403-2DADF6BA8603}.Release|Portable.ActiveCfg = release|dotnet
		{5CC7C14B-C702-444A-9403-2DADF6BA8603}.Release|Portable.Build.0 = release|dotnet
		{5CC7C14B-C702-444A-9403-2DADF6BA8603}.Release|Win Phone.ActiveCfg = release|dotnet
		{5CC7C14B-C702-444A-9403-2DADF6BA8603}.Release|Win Phone.Build.0 = release|dotnet
		{5CC7C14B-C702-444A-9403-2DADF6BA8603}.Release|Win Tablet (arm).ActiveCfg = release|dotnet
		{5CC7C14B-C702-444A-9403-2DADF6BA8603}.Release|Win Tablet (arm).Build.0 = release|dotnet
		{5CC7C14B-C702-444A-9403-2DADF6BA8603}.Release|Win Tablet (x32).ActiveCfg = release|dotnet
		{5CC7C14B-C702-444A-9403-2DADF6BA8603}.Release|Win Tablet (x32).Build.0 = release|dotnet
		{5CC7C14B-C702-444A-9403-2DADF6BA8603}.Release|Win Tablet (x64).ActiveCfg = release|dotnet
		{5CC7C14B-C702-444A-9403-2DADF6BA8603}.Release|Win Tablet (x64).Build.0 = release|dotnet
		{5CC7C14B-C702-444A-9403-2DADF6BA8603}.Release|Win Universal.ActiveCfg = release|dotnet
		{5CC7C14B-C702-444A-9403-2DADF6BA8603}.Release|Win Universal.Build.0 = release|dotnet
		{80707FB3-8C08-4369-B4BB-4053559EF2EA}.Debug|Android.ActiveCfg = debug|[none]
		{80707FB3-8C08-4369-B4BB-4053559EF2EA}.Debug|IOS.ActiveCfg = debug|[none]
		{80707FB3-8C08-4369-B4BB-4053559EF2EA}.Debug|Portable.ActiveCfg = debug|netstandard
		{80707FB3-8C08-4369-B4BB-4053559EF2EA}.Debug|Portable.Build.0 = debug|netstandard
		{80707FB3-8C08-4369-B4BB-4053559EF2EA}.Debug|Win Phone.ActiveCfg = debug|[none]
		{80707FB3-8C08-4369-B4BB-4053559EF2EA}.Debug|Win Tablet (arm).ActiveCfg = debug|[none]
		{80707FB3-8C08-4369-B4BB-4053559EF2EA}.Debug|Win Tablet (x32).ActiveCfg = debug|[none]
		{80707FB3-8C08-4369-B4BB-4053559EF2EA}.Debug|Win Tablet (x64).ActiveCfg = debug|[none]
		{80707FB3-8C08-4369-B4BB-4053559EF2EA}.Debug|Win Universal.ActiveCfg = debug|[none]
		{80707FB3-8C08-4369-B4BB-4053559EF2EA}.Release|Android.ActiveCfg = release|[none]
		{80707FB3-8C08-4369-B4BB-4053559EF2EA}.Release|IOS.ActiveCfg = release|[none]
		{80707FB3-8C08-4369-B4BB-4053559EF2EA}.Release|Portable.ActiveCfg = release|netstandard
		{80707FB3-8C08-4369-B4BB-4053559EF2EA}.Release|Portable.Build.0 = release|netstandard
		{80707FB3-8C08-4369-B4BB-4053559EF2EA}.Release|Win Phone.ActiveCfg = release|[none]
		{80707FB3-8C08-4369-B4BB-4053559EF2EA}.Release|Win Tablet (arm).ActiveCfg = release|[none]
		{80707FB3-8C08-4369-B4BB-4053559EF2EA}.Release|Win Tablet (x32).ActiveCfg = release|[none]
		{80707FB3-8C08-4369-B4BB-4053559EF2EA}.Release|Win Tablet (x64).ActiveCfg = release|[none]
		{80707FB3-8C08-4369-B4BB-4053559EF2EA}.Release|Win Universal.ActiveCfg = release|[none]
		{96D89208-4EB9-4451-BE73-8A9DF3D9D7B7}.Debug|Android.ActiveCfg = debug|[none]
		{96D89208-4EB9-4451-BE73-8A9DF3D9D7B7}.Debug|IOS.ActiveCfg = debug|[none]
		{96D89208-4EB9-4451-BE73-8A9DF3D9D7B7}.Debug|Portable.ActiveCfg = debug|netstandard
		{96D89208-4EB9-4451-BE73-8A9DF3D9D7B7}.Debug|Portable.Build.0 = debug|netstandard
		{96D89208-4EB9-4451-BE73-8A9DF3D9D7B7}.Debug|Win Phone.ActiveCfg = debug|[none]
		{96D89208-4EB9-4451-BE73-8A9DF3D9D7B7}.Debug|Win Tablet (arm).ActiveCfg = debug|[none]
		{96D89208-4EB9-4451-BE73-8A9DF3D9D7B7}.Debug|Win Tablet (x32).ActiveCfg = debug|[none]
		{96D89208-4EB9-4451-BE73-8A9DF3D9D7B7}.Debug|Win Tablet (x64).ActiveCfg = debug|[none]
		{96D89208-4EB9-4451-BE73-8A9DF3D9D7B7}.Debug|Win Universal.ActiveCfg = debug|[none]
		{96D89208-4EB9-4451-BE73-8A9DF3D9D7B7}.Release|Android.ActiveCfg = release|[none]
		{96D89208-4EB9-4451-BE73-8A9DF3D9D7B7}.Release|IOS.ActiveCfg = release|[none]
		{96D89208-4EB9-4451-BE73-8A9DF3D9D7B7}.Release|Portable.ActiveCfg = release|netstandard
		{96D89208-4EB9-4451-BE73-8A9DF3D9D7B7}.Release|Portable.Build.0 = release|netstandard
		{96D89208-4EB9-4451-BE73-8A9DF3D9D7B7}.Release|Win Phone.ActiveCfg = release|[none]
		{96D89208-4EB9-4451-BE73-8A9DF3D9D7B7}.Release|Win Tablet (arm).ActiveCfg = release|[none]
		{96D89208-4EB9-4451-BE73-8A9DF3D9D7B7}.Release|Win Tablet (x32).ActiveCfg = release|[none]
		{96D89208-4EB9-4451-BE73-8A9DF3D9D7B7}.Release|Win Tablet (x64).ActiveCfg = release|[none]
		{96D89208-4EB9-4451-BE73-8A9DF3D9D7B7}.Release|Win Universal.ActiveCfg = release|[none]
		{CB9C96CE-125C-4A68-B6A1-C3FF1FBF93E1}.Debug|Android.ActiveCfg = debug|monoDroid
		{CB9C96CE-125C-4A68-B6A1-C3FF1FBF93E1}.Debug|Android.Build.0 = debug|monoDroid
		{CB9C96CE-125C-4A68-B6A1-C3FF1FBF93E1}.Debug|IOS.ActiveCfg = debug|[none]
		{CB9C96CE-125C-4A68-B6A1-C3FF1FBF93E1}.Debug|Portable.ActiveCfg = debug|dotnet
		{CB9C96CE-125C-4A68-B6A1-C3FF1FBF93E1}.Debug|Portable.Build.0 = debug|dotnet
		{CB9C96CE-125C-4A68-B6A1-C3FF1FBF93E1}.Debug|Win Phone.ActiveCfg = debug|[none]
		{CB9C96CE-125C-4A68-B6A1-C3FF1FBF93E1}.Debug|Win Tablet (arm).ActiveCfg = debug|[none]
		{CB9C96CE-125C-4A68-B6A1-C3FF1FBF93E1}.Debug|Win Tablet (x32).ActiveCfg = debug|[none]
		{CB9C96CE-125C-4A68-B6A1-C3FF1FBF93E1}.Debug|Win Tablet (x64).ActiveCfg = debug|[none]
		{CB9C96CE-125C-4A68-B6A1-C3FF1FBF93E1}.Debug|Win Universal.ActiveCfg = debug|[none]
		{CB9C96CE-125C-4A68-B6A1-C3FF1FBF93E1}.Release|Android.ActiveCfg = release|monoDroid
		{CB9C96CE-125C-4A68-B6A1-C3FF1FBF93E1}.Release|Android.Build.0 = release|monoDroid
		{CB9C96CE-125C-4A68-B6A1-C3FF1FBF93E1}.Release|IOS.ActiveCfg = release|[none]
		{CB9C96CE-125C-4A68-B6A1-C3FF1FBF93E1}.Release|Portable.ActiveCfg = release|dotnet
		{CB9C96CE-125C-4A68-B6A1-C3FF1FBF93E1}.Release|Portable.Build.0 = release|dotnet
		{CB9C96CE-125C-4A68-B6A1-C3FF1FBF93E1}.Release|Win Phone.ActiveCfg = release|[none]
		{CB9C96CE-125C-4A68-B6A1-C3FF1FBF93E1}.Release|Win Tablet (arm).ActiveCfg = release|[none]
		{CB9C96CE-125C-4A68-B6A1-C3FF1FBF93E1}.Release|Win Tablet (x32).ActiveCfg = release|[none]
		{CB9C96CE-125C-4A68-B6A1-C3FF1FBF93E1}.Release|Win Tablet (x64).ActiveCfg = release|[none]
		{CB9C96CE-125C-4A68-B6A1-C3FF1FBF93E1}.Release|Win Universal.ActiveCfg = release|[none]
		{FC4F3C7F-3CD5-4F8E-8B72-139A8B526A45}.Debug|Android.ActiveCfg = debug|Any CPU
		{FC4F3C7F-3CD5-4F8E-8B72-139A8B526A45}.Debug|Android.Build.0 = debug|Any CPU
		{FC4F3C7F-3CD5-4F8E-8B72-139A8B526A45}.Debug|Android.Deploy.0 = debug|Any CPU
		{FC4F3C7F-3CD5-4F8E-8B72-139A8B526A45}.Debug|IOS.ActiveCfg = debug|[none]
		{FC4F3C7F-3CD5-4F8E-8B72-139A8B526A45}.Debug|Portable.ActiveCfg = debug|Any CPU
		{FC4F3C7F-3CD5-4F8E-8B72-139A8B526A45}.Debug|Portable.Build.0 = debug|Any CPU
		{FC4F3C7F-3CD5-4F8E-8B72-139A8B526A45}.Debug|Portable.Deploy.0 = debug|Any CPU
		{FC4F3C7F-3CD5-4F8E-8B72-139A8B526A45}.Debug|Win Phone.ActiveCfg = debug|[none]
		{FC4F3C7F-3CD5-4F8E-8B72-139A8B526A45}.Debug|Win Tablet (arm).ActiveCfg = debug|[none]
		{FC4F3C7F-3CD5-4F8E-8B72-139A8B526A45}.Debug|Win Tablet (x32).ActiveCfg = debug|[none]
		{FC4F3C7F-3CD5-4F8E-8B72-139A8B526A45}.Debug|Win Tablet (x64).ActiveCfg = debug|[none]
		{FC4F3C7F-3CD5-4F8E-8B72-139A8B526A45}.Debug|Win Universal.ActiveCfg = debug|[none]
		{FC4F3C7F-3CD5-4F8E-8B72-139A8B526A45}.Release|Android.ActiveCfg = release|Any CPU
		{FC4F3C7F-3CD5-4F8E-8B72-139A8B526A45}.Release|Android.Build.0 = release|Any CPU
		{FC4F3C7F-3CD5-4F8E-8B72-139A8B526A45}.Release|Android.Deploy.0 = release|Any CPU
		{FC4F3C7F-3CD5-4F8E-8B72-139A8B526A45}.Release|IOS.ActiveCfg = release|[none]
		{FC4F3C7F-3CD5-4F8E-8B72-139A8B526A45}.Release|Portable.ActiveCfg = release|Any CPU
		{FC4F3C7F-3CD5-4F8E-8B72-139A8B526A45}.Release|Portable.Build.0 = release|Any CPU
		{FC4F3C7F-3CD5-4F8E-8B72-139A8B526A45}.Release|Portable.Deploy.0 = release|Any CPU
		{FC4F3C7F-3CD5-4F8E-8B72-139A8B526A45}.Release|Win Phone.ActiveCfg = release|[none]
		{FC4F3C7F-3CD5-4F8E-8B72-139A8B526A45}.Release|Win Tablet (arm).ActiveCfg = release|[none]
		{FC4F3C7F-3CD5-4F8E-8B72-139A8B526A45}.Release|Win Tablet (x32).ActiveCfg = release|[none]
		{FC4F3C7F-3CD5-4F8E-8B72-139A8B526A45}.Release|Win Tablet (x64).ActiveCfg = release|[none]
		{FC4F3C7F-3CD5-4F8E-8B72-139A8B526A45}.Release|Win Universal.ActiveCfg = release|[none]
		{1E88D3E4-B29B-4AA7-89FB-49405A917559}.Debug|Android.ActiveCfg = debug|[none]
		{1E88D3E4-B29B-4AA7-89FB-49405A917559}.Debug|IOS.ActiveCfg = debug|iPhoneSimulator
		{1E88D3E4-B29B-4AA7-89FB-49405A917559}.Debug|IOS.Build.0 = debug|iPhoneSimulator
		{1E88D3E4-B29B-4AA7-89FB-49405A917559}.Debug|Portable.ActiveCfg = debug|iPhone
		{1E88D3E4-B29B-4AA7-89FB-49405A917559}.Debug|Win Phone.ActiveCfg = debug|[none]
		{1E88D3E4-B29B-4AA7-89FB-49405A917559}.Debug|Win Tablet (arm).ActiveCfg = debug|[none]
		{1E88D3E4-B29B-4AA7-89FB-49405A917559}.Debug|Win Tablet (x32).ActiveCfg = debug|[none]
		{1E88D3E4-B29B-4AA7-89FB-49405A917559}.Debug|Win Tablet (x64).ActiveCfg = debug|[none]
		{1E88D3E4-B29B-4AA7-89FB-49405A917559}.Debug|Win Universal.ActiveCfg = debug|[none]
		{1E88D3E4-B29B-4AA7-89FB-49405A917559}.Release|Android.ActiveCfg = release|[none]
		{1E88D3E4-B29B-4AA7-89FB-49405A917559}.Release|IOS.ActiveCfg = release|iPhoneSimulator
		{1E88D3E4-B29B-4AA7-89FB-49405A917559}.Release|IOS.Build.0 = release|iPhoneSimulator
		{1E88D3E4-B29B-4AA7-89FB-49405A917559}.Release|Portable.ActiveCfg = release|iPhone
		{1E88D3E4-B29B-4AA7-89FB-49405A917559}.Release|Win Phone.ActiveCfg = release|[none]
		{1E88D3E4-B29B-4AA7-89FB-49405A917559}.Release|Win Tablet (arm).ActiveCfg = release|[none]
		{1E88D3E4-B29B-4AA7-89FB-49405A917559}.Release|Win Tablet (x32).ActiveCfg = release|[none]
		{1E88D3E4-B29B-4AA7-89FB-49405A917559}.Release|Win Tablet (x64).ActiveCfg = release|[none]
		{1E88D3E4-B29B-4AA7-89FB-49405A917559}.Release|Win Universal.ActiveCfg = release|[none]
		{60527F31-6CC7-472F-A013-DD2A5B51044E}.Debug|Android.ActiveCfg = debug|[none]
		{60527F31-6CC7-472F-A013-DD2A5B51044E}.Debug|IOS.ActiveCfg = debug|[none]
		{60527F31-6CC7-472F-A013-DD2A5B51044E}.Debug|Portable.ActiveCfg = debug|x86
		{60527F31-6CC7-472F-A013-DD2A5B51044E}.Debug|Win Phone.ActiveCfg = debug|[none]
		{60527F31-6CC7-472F-A013-DD2A5B51044E}.Debug|Win Tablet (arm).ActiveCfg = debug|[none]
		{60527F31-6CC7-472F-A013-DD2A5B51044E}.Debug|Win Tablet (x32).ActiveCfg = debug|[none]
		{60527F31-6CC7-472F-A013-DD2A5B51044E}.Debug|Win Tablet (x64).ActiveCfg = debug|[none]
		{60527F31-6CC7-472F-A013-DD2A5B51044E}.Debug|Win Universal.ActiveCfg = debug|x86
		{60527F31-6CC7-472F-A013-DD2A5B51044E}.Debug|Win Universal.Build.0 = debug|x86
		{60527F31-6CC7-472F-A013-DD2A5B51044E}.Debug|Win Universal.Deploy.0 = debug|x86
		{60527F31-6CC7-472F-A013-DD2A5B51044E}.Release|Android.ActiveCfg = release|[none]
		{60527F31-6CC7-472F-A013-DD2A5B51044E}.Release|IOS.ActiveCfg = release|[none]
		{60527F31-6CC7-472F-A013-DD2A5B51044E}.Release|Portable.ActiveCfg = release|x86
		{60527F31-6CC7-472F-A013-DD2A5B51044E}.Release|Win Phone.ActiveCfg = release|[none]
		{60527F31-6CC7-472F-A013-DD2A5B51044E}.Release|Win Tablet (arm).ActiveCfg = release|[none]
		{60527F31-6CC7-472F-A013-DD2A5B51044E}.Release|Win Tablet (x32).ActiveCfg = release|[none]
		{60527F31-6CC7-472F-A013-DD2A5B51044E}.Release|Win Tablet (x64).ActiveCfg = release|[none]
		{60527F31-6CC7-472F-A013-DD2A5B51044E}.Release|Win Universal.ActiveCfg = release|x86
		{60527F31-6CC7-472F-A013-DD2A5B51044E}.Release|Win Universal.Build.0 = release|x86
		{60527F31-6CC7-472F-A013-DD2A5B51044E}.Release|Win Universal.Deploy.0 = release|x86
		{4BCCA0E8-7068-41F7-818F-815697A3117E}.Debug|Android.ActiveCfg = debug|[none]
		{4BCCA0E8-7068-41F7-818F-815697A3117E}.Debug|IOS.ActiveCfg = debug|[none]
		{4BCCA0E8-7068-41F7-818F-815697A3117E}.Debug|Portable.ActiveCfg = debug|x86
		{4BCCA0E8-7068-41F7-818F-815697A3117E}.Debug|Win Phone.ActiveCfg = debug|[none]
		{4BCCA0E8-7068-41F7-818F-815697A3117E}.Debug|Win Tablet (arm).ActiveCfg = debug|ARM
		{4BCCA0E8-7068-41F7-818F-815697A3117E}.Debug|Win Tablet (arm).Build.0 = debug|ARM
		{4BCCA0E8-7068-41F7-818F-815697A3117E}.Debug|Win Tablet (arm).Deploy.0 = debug|ARM
		{4BCCA0E8-7068-41F7-818F-815697A3117E}.Debug|Win Tablet (x32).ActiveCfg = debug|x86
		{4BCCA0E8-7068-41F7-818F-815697A3117E}.Debug|Win Tablet (x32).Build.0 = debug|x86
		{4BCCA0E8-7068-41F7-818F-815697A3117E}.Debug|Win Tablet (x32).Deploy.0 = debug|x86
		{4BCCA0E8-7068-41F7-818F-815697A3117E}.Debug|Win Tablet (x64).ActiveCfg = debug|x64
		{4BCCA0E8-7068-41F7-818F-815697A3117E}.Debug|Win Tablet (x64).Build.0 = debug|x64
		{4BCCA0E8-7068-41F7-818F-815697A3117E}.Debug|Win Tablet (x64).Deploy.0 = debug|x64
		{4BCCA0E8-7068-41F7-818F-815697A3117E}.Debug|Win Universal.ActiveCfg = debug|[none]
		{4BCCA0E8-7068-41F7-818F-815697A3117E}.Release|Android.ActiveCfg = release|[none]
		{4BCCA0E8-7068-41F7-818F-815697A3117E}.Release|IOS.ActiveCfg = release|[none]
		{4BCCA0E8-7068-41F7-818F-815697A3117E}.Release|Portable.ActiveCfg = release|x86
		{4BCCA0E8-7068-41F7-818F-815697A3117E}.Release|Win Phone.ActiveCfg = release|[none]
		{4BCCA0E8-7068-41F7-818F-815697A3117E}.Release|Win Tablet (arm).ActiveCfg = release|ARM
		{4BCCA0E8-7068-41F7-818F-815697A3117E}.Release|Win Tablet (arm).Build.0 = release|ARM
		{4BCCA0E8-7068-41F7-818F-815697A3117E}.Release|Win Tablet (arm).Deploy.0 = release|ARM
		{4BCCA0E8-7068-41F7-818F-815697A3117E}.Release|Win Tablet (x32).ActiveCfg = release|x86
		{4BCCA0E8-7068-41F7-818F-815697A3117E}.Release|Win Tablet (x32).Build.0 = release|x86
		{4BCCA0E8-7068-41F7-818F-815697A3117E}.Release|Win Tablet (x32).Deploy.0 = release|x86
		{4BCCA0E8-7068-41F7-818F-815697A3117E}.Release|Win Tablet (x64).ActiveCfg = release|x64
		{4BCCA0E8-7068-41F7-818F-815697A3117E}.Release|Win Tablet (x64).Build.0 = release|x64
		{4BCCA0E8-7068-41F7-818F-815697A3117E}.Release|Win Tablet (x64).Deploy.0 = release|x64
		{4BCCA0E8-7068-41F7-818F-815697A3117E}.Release|Win Universal.ActiveCfg = release|[none]
		{120B7106-70AF-4D23-923F-C15A6892DC74}.Debug|Android.ActiveCfg = debug|[none]
		{120B7106-70AF-4D23-923F-C15A6892DC74}.Debug|IOS.ActiveCfg = debug|[none]
		{120B7106-70AF-4D23-923F-C15A6892DC74}.Debug|Portable.ActiveCfg = debug|x86
		{120B7106-70AF-4D23-923F-C15A6892DC74}.Debug|Win Phone.ActiveCfg = debug|x86
		{120B7106-70AF-4D23-923F-C15A6892DC74}.Debug|Win Phone.Build.0 = debug|x86
		{120B7106-70AF-4D23-923F-C15A6892DC74}.Debug|Win Phone.Deploy.0 = debug|x86
		{120B7106-70AF-4D23-923F-C15A6892DC74}.Debug|Win Tablet (arm).ActiveCfg = debug|[none]
		{120B7106-70AF-4D23-923F-C15A6892DC74}.Debug|Win Tablet (x32).ActiveCfg = debug|[none]
		{120B7106-70AF-4D23-923F-C15A6892DC74}.Debug|Win Tablet (x64).ActiveCfg = debug|[none]
		{120B7106-70AF-4D23-923F-C15A6892DC74}.Debug|Win Universal.ActiveCfg = debug|[none]
		{120B7106-70AF-4D23-923F-C15A6892DC74}.Release|Android.ActiveCfg = release|[none]
		{120B7106-70AF-4D23-923F-C15A6892DC74}.Release|IOS.ActiveCfg = release|[none]
		{120B7106-70AF-4D23-923F-C15A6892DC74}.Release|Portable.ActiveCfg = release|x86
		{120B7106-70AF-4D23-923F-C15A6892DC74}.Release|Win Phone.ActiveCfg = release|x86
		{120B7106-70AF-4D23-923F-C15A6892DC74}.Release|Win Phone.Build.0 = release|x86
		{120B7106-70AF-4D23-923F-C15A6892DC74}.Release|Win Phone.Deploy.0 = release|x86
		{120B7106-70AF-4D23-923F-C15A6892DC74}.Release|Win Tablet (arm).ActiveCfg = release|[none]
		{120B7106-70AF-4D23-923F-C15A6892DC74}.Release|Win Tablet (x32).ActiveCfg = release|[none]
		{120B7106-70AF-4D23-923F-C15A6892DC74}.Release|Win Tablet (x64).ActiveCfg = release|[none]
		{120B7106-70AF-4D23-923F-C15A6892DC74}.Release|Win Universal.ActiveCfg = release|[none]
	EndGlobalSection
	GlobalSection(SolutionProperties) = preSolution
		HideSolutionNode = FALSE
	EndGlobalSection
	GlobalSection(NestedProjects) = preSolution
		{67F9D3A8-F71E-4428-913F-C37AE82CDB24} = {453F471B-9F4F-4431-85F8-FB7BA2035659}
		{7D13BAC2-C6A4-416A-B07E-C169B199E52B} = {453F471B-9F4F-4431-85F8-FB7BA2035659}
		{3B72465B-ACAE-43AE-9327-10F372FE5F80} = {453F471B-9F4F-4431-85F8-FB7BA2035659}
		{9DB2F292-8034-4E06-89AD-98BBDA4306B9} = {453F471B-9F4F-4431-85F8-FB7BA2035659}
		{A3F22767-213E-46F4-B639-5565668AE2FF} = {453F471B-9F4F-4431-85F8-FB7BA2035659}
		{EDAFAA1D-61F5-4DDA-B6B4-3E94AAD2C3EE} = {453F471B-9F4F-4431-85F8-FB7BA2035659}
		{5CC7C14B-C702-444A-9403-2DADF6BA8603} = {453F471B-9F4F-4431-85F8-FB7BA2035659}
		{80707FB3-8C08-4369-B4BB-4053559EF2EA} = {453F471B-9F4F-4431-85F8-FB7BA2035659}
		{96D89208-4EB9-4451-BE73-8A9DF3D9D7B7} = {453F471B-9F4F-4431-85F8-FB7BA2035659}
		{CB9C96CE-125C-4A68-B6A1-C3FF1FBF93E1} = {453F471B-9F4F-4431-85F8-FB7BA2035659}
		{FF056C89-6CD5-42C9-A3BD-BF36A07BC536} = {453F471B-9F4F-4431-85F8-FB7BA2035659}
		{FC4F3C7F-3CD5-4F8E-8B72-139A8B526A45} = {FF056C89-6CD5-42C9-A3BD-BF36A07BC536}
		{1E88D3E4-B29B-4AA7-89FB-49405A917559} = {FF056C89-6CD5-42C9-A3BD-BF36A07BC536}
		{60527F31-6CC7-472F-A013-DD2A5B51044E} = {FF056C89-6CD5-42C9-A3BD-BF36A07BC536}
		{4BCCA0E8-7068-41F7-818F-815697A3117E} = {FF056C89-6CD5-42C9-A3BD-BF36A07BC536}
		{120B7106-70AF-4D23-923F-C15A6892DC74} = {FF056C89-6CD5-42C9-A3BD-BF36A07BC536}
	EndGlobalSection
EndGlobal
