
Microsoft Visual Studio Solution File, Format Version 12.00
# Visual Studio 14
VisualStudioVersion = 14.0.25420.1
MinimumVisualStudioVersion = 10.0.40219.1
Project("{D954291E-2A0B-460D-934E-DC6B0785DB48}") = ".repo", ".repo.shproj", "{31D1E28A-0EAE-4AC4-A023-B02E7A58A8FC}"
EndProject
Project("{2150E333-8FDC-42A3-9474-1A3956D46DE8}") = "src", "src", "{453F471B-9F4F-4431-85F8-FB7BA2035659}"
	ProjectSection(SolutionItems) = preProject
		src\.props = src\.props
		src\GlobalAssemblyInfo.cs = src\GlobalAssemblyInfo.cs
	EndProjectSection
EndProject
Project("{FAE04EC0-301F-11D3-BF4B-00C04F79EFBC}") = "Xamarin.Forms.Core", "src\Xamarin.Forms.Core\Xamarin.Forms.Core.csproj", "{67F9D3A8-F71E-4428-913F-C37AE82CDB24}"
	ProjectSection(ProjectDependencies) = postProject
		{3B72465B-ACAE-43AE-9327-10F372FE5F80} = {3B72465B-ACAE-43AE-9327-10F372FE5F80}
	EndProjectSection
EndProject
Project("{FAE04EC0-301F-11D3-BF4B-00C04F79EFBC}") = "Xamarin.Forms.Maps", "src\Xamarin.Forms.Maps\Xamarin.Forms.Maps.csproj", "{7D13BAC2-C6A4-416A-B07E-C169B199E52B}"
EndProject
Project("{FAE04EC0-301F-11D3-BF4B-00C04F79EFBC}") = "Xamarin.Forms.Platform.Android.FormsViewGroup", "src\Xamarin.Forms.Platform.Android.FormsViewGroup\Xamarin.Forms.Platform.Android.FormsViewGroup.csproj", "{3B72465B-ACAE-43AE-9327-10F372FE5F80}"
EndProject
Project("{2150E333-8FDC-42A3-9474-1A3956D46DE8}") = "xaml", "xaml", "{8AE7217C-36ED-485A-BB41-7F99E3EA2424}"
EndProject
Project("{FAE04EC0-301F-11D3-BF4B-00C04F79EFBC}") = "Xamarin.Forms.Xaml", "src\Xaml\Xamarin.Forms.Xaml\Xamarin.Forms.Xaml.csproj", "{9DB2F292-8034-4E06-89AD-98BBDA4306B9}"
EndProject
Project("{FAE04EC0-301F-11D3-BF4B-00C04F79EFBC}") = "Xamarin.Forms.Xaml.Design", "src\Xaml\Xamarin.Forms.Xaml.Design\Xamarin.Forms.Xaml.Design.csproj", "{65BC4888-CC59-428A-9B75-540CF1C09480}"
EndProject
Project("{FAE04EC0-301F-11D3-BF4B-00C04F79EFBC}") = "Xamarin.Forms.Xaml.Xamlc", "src\Xaml\Xamarin.Forms.Xaml.Xamlc\Xamarin.Forms.Xaml.Xamlc.csproj", "{928A23F3-2330-4F9F-B6A3-BFE01FE2A2DF}"
EndProject
Project("{FAE04EC0-301F-11D3-BF4B-00C04F79EFBC}") = "Xamarin.Forms.Xaml.Xamlg", "src\Xaml\Xamarin.Forms.Xaml.Xamlg\Xamarin.Forms.Xaml.Xamlg.csproj", "{D597E3C6-1A50-4042-99FA-3E7CE28E4819}"
EndProject
Project("{FAE04EC0-301F-11D3-BF4B-00C04F79EFBC}") = "Xamarin.Forms.Platform.Android.AppLinks", "src\Xamarin.Forms.Platform.Android.AppLinks\Xamarin.Forms.Platform.Android.AppLinks.csproj", "{A3F22767-213E-46F4-B639-5565668AE2FF}"
EndProject
Global
	GlobalSection(SharedMSBuildProjectFiles) = preSolution
		.repo.projitems*{31d1e28a-0eae-4ac4-a023-b02e7a58a8fc}*SharedItemsImports = 13
	EndGlobalSection
	GlobalSection(SolutionConfigurationPlatforms) = preSolution
		Debug|[none] = Debug|[none]
		Debug|Android = Debug|Android
		Debug|Any CPU = Debug|Any CPU
		Debug|IOS = Debug|IOS
		Debug|monoDroid = Debug|monoDroid
		Debug|pack = Debug|pack
		Debug|Portable = Debug|Portable
		Debug|Win Phone = Debug|Win Phone
		Debug|Win Tablet (arm) = Debug|Win Tablet (arm)
		Debug|Win Tablet (x32) = Debug|Win Tablet (x32)
		Debug|Win Tablet (x64) = Debug|Win Tablet (x64)
		Debug|Win Universal = Debug|Win Universal
		Release|[none] = Release|[none]
		Release|Android = Release|Android
		Release|Any CPU = Release|Any CPU
		Release|IOS = Release|IOS
		Release|monoDroid = Release|monoDroid
		Release|pack = Release|pack
		Release|Portable = Release|Portable
		Release|Win Phone = Release|Win Phone
		Release|Win Tablet (arm) = Release|Win Tablet (arm)
		Release|Win Tablet (x32) = Release|Win Tablet (x32)
		Release|Win Tablet (x64) = Release|Win Tablet (x64)
		Release|Win Universal = Release|Win Universal
		Turkey|[none] = Turkey|[none]
		Turkey|Android = Turkey|Android
		Turkey|Any CPU = Turkey|Any CPU
		Turkey|IOS = Turkey|IOS
		Turkey|monoDroid = Turkey|monoDroid
		Turkey|pack = Turkey|pack
		Turkey|Portable = Turkey|Portable
		Turkey|Win Phone = Turkey|Win Phone
		Turkey|Win Tablet (arm) = Turkey|Win Tablet (arm)
		Turkey|Win Tablet (x32) = Turkey|Win Tablet (x32)
		Turkey|Win Tablet (x64) = Turkey|Win Tablet (x64)
		Turkey|Win Universal = Turkey|Win Universal
	EndGlobalSection
	GlobalSection(ProjectConfigurationPlatforms) = postSolution
		{67F9D3A8-F71E-4428-913F-C37AE82CDB24}.Debug|[none].ActiveCfg = debug|[none]
		{67F9D3A8-F71E-4428-913F-C37AE82CDB24}.Debug|Android.ActiveCfg = debug|monoDroid
		{67F9D3A8-F71E-4428-913F-C37AE82CDB24}.Debug|Android.Build.0 = debug|monoDroid
		{67F9D3A8-F71E-4428-913F-C37AE82CDB24}.Debug|Any CPU.ActiveCfg = debug|[none]
		{67F9D3A8-F71E-4428-913F-C37AE82CDB24}.Debug|IOS.ActiveCfg = debug|xamarin.ios
		{67F9D3A8-F71E-4428-913F-C37AE82CDB24}.Debug|IOS.Build.0 = debug|xamarin.ios
		{67F9D3A8-F71E-4428-913F-C37AE82CDB24}.Debug|monoDroid.ActiveCfg = debug|monoDroid
		{67F9D3A8-F71E-4428-913F-C37AE82CDB24}.Debug|pack.ActiveCfg = debug|pack
		{67F9D3A8-F71E-4428-913F-C37AE82CDB24}.Debug|Portable.ActiveCfg = debug|dotnet
		{67F9D3A8-F71E-4428-913F-C37AE82CDB24}.Debug|Portable.Build.0 = debug|dotnet
		{67F9D3A8-F71E-4428-913F-C37AE82CDB24}.Debug|Win Phone.ActiveCfg = debug|wpa
		{67F9D3A8-F71E-4428-913F-C37AE82CDB24}.Debug|Win Phone.Build.0 = debug|wpa
		{67F9D3A8-F71E-4428-913F-C37AE82CDB24}.Debug|Win Tablet (arm).ActiveCfg = debug|win
		{67F9D3A8-F71E-4428-913F-C37AE82CDB24}.Debug|Win Tablet (arm).Build.0 = debug|win
		{67F9D3A8-F71E-4428-913F-C37AE82CDB24}.Debug|Win Tablet (x32).ActiveCfg = debug|win
		{67F9D3A8-F71E-4428-913F-C37AE82CDB24}.Debug|Win Tablet (x32).Build.0 = debug|win
		{67F9D3A8-F71E-4428-913F-C37AE82CDB24}.Debug|Win Tablet (x64).ActiveCfg = debug|win
		{67F9D3A8-F71E-4428-913F-C37AE82CDB24}.Debug|Win Tablet (x64).Build.0 = debug|win
		{67F9D3A8-F71E-4428-913F-C37AE82CDB24}.Debug|Win Universal.ActiveCfg = debug|uap
		{67F9D3A8-F71E-4428-913F-C37AE82CDB24}.Debug|Win Universal.Build.0 = debug|uap
		{67F9D3A8-F71E-4428-913F-C37AE82CDB24}.Release|[none].ActiveCfg = release|[none]
		{67F9D3A8-F71E-4428-913F-C37AE82CDB24}.Release|Android.ActiveCfg = release|monoDroid
		{67F9D3A8-F71E-4428-913F-C37AE82CDB24}.Release|Android.Build.0 = release|monoDroid
		{67F9D3A8-F71E-4428-913F-C37AE82CDB24}.Release|Any CPU.ActiveCfg = release|[none]
		{67F9D3A8-F71E-4428-913F-C37AE82CDB24}.Release|IOS.ActiveCfg = release|xamarin.ios
		{67F9D3A8-F71E-4428-913F-C37AE82CDB24}.Release|IOS.Build.0 = release|xamarin.ios
		{67F9D3A8-F71E-4428-913F-C37AE82CDB24}.Release|monoDroid.ActiveCfg = release|monoDroid
		{67F9D3A8-F71E-4428-913F-C37AE82CDB24}.Release|pack.ActiveCfg = release|pack
		{67F9D3A8-F71E-4428-913F-C37AE82CDB24}.Release|Portable.ActiveCfg = release|dotnet
		{67F9D3A8-F71E-4428-913F-C37AE82CDB24}.Release|Portable.Build.0 = release|dotnet
		{67F9D3A8-F71E-4428-913F-C37AE82CDB24}.Release|Win Phone.ActiveCfg = release|wpa
		{67F9D3A8-F71E-4428-913F-C37AE82CDB24}.Release|Win Phone.Build.0 = release|wpa
		{67F9D3A8-F71E-4428-913F-C37AE82CDB24}.Release|Win Tablet (arm).ActiveCfg = release|win
		{67F9D3A8-F71E-4428-913F-C37AE82CDB24}.Release|Win Tablet (arm).Build.0 = release|win
		{67F9D3A8-F71E-4428-913F-C37AE82CDB24}.Release|Win Tablet (x32).ActiveCfg = release|win
		{67F9D3A8-F71E-4428-913F-C37AE82CDB24}.Release|Win Tablet (x32).Build.0 = release|win
		{67F9D3A8-F71E-4428-913F-C37AE82CDB24}.Release|Win Tablet (x64).ActiveCfg = release|win
		{67F9D3A8-F71E-4428-913F-C37AE82CDB24}.Release|Win Tablet (x64).Build.0 = release|win
		{67F9D3A8-F71E-4428-913F-C37AE82CDB24}.Release|Win Universal.ActiveCfg = release|uap
		{67F9D3A8-F71E-4428-913F-C37AE82CDB24}.Release|Win Universal.Build.0 = release|uap
		{67F9D3A8-F71E-4428-913F-C37AE82CDB24}.Turkey|[none].ActiveCfg = release|[none]
		{67F9D3A8-F71E-4428-913F-C37AE82CDB24}.Turkey|Android.ActiveCfg = release|pack
		{67F9D3A8-F71E-4428-913F-C37AE82CDB24}.Turkey|Android.Build.0 = release|pack
		{67F9D3A8-F71E-4428-913F-C37AE82CDB24}.Turkey|Any CPU.ActiveCfg = release|[none]
		{67F9D3A8-F71E-4428-913F-C37AE82CDB24}.Turkey|IOS.ActiveCfg = release|pack
		{67F9D3A8-F71E-4428-913F-C37AE82CDB24}.Turkey|IOS.Build.0 = release|pack
		{67F9D3A8-F71E-4428-913F-C37AE82CDB24}.Turkey|monoDroid.ActiveCfg = release|monoDroid
		{67F9D3A8-F71E-4428-913F-C37AE82CDB24}.Turkey|pack.ActiveCfg = debug|pack
		{67F9D3A8-F71E-4428-913F-C37AE82CDB24}.Turkey|Portable.ActiveCfg = release|pack
		{67F9D3A8-F71E-4428-913F-C37AE82CDB24}.Turkey|Portable.Build.0 = release|pack
		{67F9D3A8-F71E-4428-913F-C37AE82CDB24}.Turkey|Win Phone.ActiveCfg = release|pack
		{67F9D3A8-F71E-4428-913F-C37AE82CDB24}.Turkey|Win Phone.Build.0 = release|pack
		{67F9D3A8-F71E-4428-913F-C37AE82CDB24}.Turkey|Win Tablet (arm).ActiveCfg = release|pack
		{67F9D3A8-F71E-4428-913F-C37AE82CDB24}.Turkey|Win Tablet (arm).Build.0 = release|pack
		{67F9D3A8-F71E-4428-913F-C37AE82CDB24}.Turkey|Win Tablet (x32).ActiveCfg = release|pack
		{67F9D3A8-F71E-4428-913F-C37AE82CDB24}.Turkey|Win Tablet (x32).Build.0 = release|pack
		{67F9D3A8-F71E-4428-913F-C37AE82CDB24}.Turkey|Win Tablet (x64).ActiveCfg = release|pack
		{67F9D3A8-F71E-4428-913F-C37AE82CDB24}.Turkey|Win Tablet (x64).Build.0 = release|pack
		{67F9D3A8-F71E-4428-913F-C37AE82CDB24}.Turkey|Win Universal.ActiveCfg = release|pack
		{67F9D3A8-F71E-4428-913F-C37AE82CDB24}.Turkey|Win Universal.Build.0 = release|pack
		{7D13BAC2-C6A4-416A-B07E-C169B199E52B}.Debug|[none].ActiveCfg = debug|[none]
		{7D13BAC2-C6A4-416A-B07E-C169B199E52B}.Debug|Android.ActiveCfg = debug|monoDroid
		{7D13BAC2-C6A4-416A-B07E-C169B199E52B}.Debug|Android.Build.0 = debug|monoDroid
		{7D13BAC2-C6A4-416A-B07E-C169B199E52B}.Debug|Any CPU.ActiveCfg = debug|[none]
		{7D13BAC2-C6A4-416A-B07E-C169B199E52B}.Debug|IOS.ActiveCfg = debug|xamarin.ios
		{7D13BAC2-C6A4-416A-B07E-C169B199E52B}.Debug|IOS.Build.0 = debug|xamarin.ios
		{7D13BAC2-C6A4-416A-B07E-C169B199E52B}.Debug|monoDroid.ActiveCfg = debug|monoDroid
		{7D13BAC2-C6A4-416A-B07E-C169B199E52B}.Debug|pack.ActiveCfg = debug|pack
		{7D13BAC2-C6A4-416A-B07E-C169B199E52B}.Debug|Portable.ActiveCfg = debug|dotnet
		{7D13BAC2-C6A4-416A-B07E-C169B199E52B}.Debug|Portable.Build.0 = debug|dotnet
		{7D13BAC2-C6A4-416A-B07E-C169B199E52B}.Debug|Win Phone.ActiveCfg = debug|wpa
		{7D13BAC2-C6A4-416A-B07E-C169B199E52B}.Debug|Win Phone.Build.0 = debug|wpa
		{7D13BAC2-C6A4-416A-B07E-C169B199E52B}.Debug|Win Tablet (arm).ActiveCfg = debug|win
		{7D13BAC2-C6A4-416A-B07E-C169B199E52B}.Debug|Win Tablet (arm).Build.0 = debug|win
		{7D13BAC2-C6A4-416A-B07E-C169B199E52B}.Debug|Win Tablet (x32).ActiveCfg = debug|win
		{7D13BAC2-C6A4-416A-B07E-C169B199E52B}.Debug|Win Tablet (x32).Build.0 = debug|win
		{7D13BAC2-C6A4-416A-B07E-C169B199E52B}.Debug|Win Tablet (x64).ActiveCfg = debug|win
		{7D13BAC2-C6A4-416A-B07E-C169B199E52B}.Debug|Win Tablet (x64).Build.0 = debug|win
		{7D13BAC2-C6A4-416A-B07E-C169B199E52B}.Debug|Win Universal.ActiveCfg = debug|uap
		{7D13BAC2-C6A4-416A-B07E-C169B199E52B}.Debug|Win Universal.Build.0 = debug|uap
		{7D13BAC2-C6A4-416A-B07E-C169B199E52B}.Release|[none].ActiveCfg = release|[none]
		{7D13BAC2-C6A4-416A-B07E-C169B199E52B}.Release|Android.ActiveCfg = release|monoDroid
		{7D13BAC2-C6A4-416A-B07E-C169B199E52B}.Release|Android.Build.0 = release|monoDroid
		{7D13BAC2-C6A4-416A-B07E-C169B199E52B}.Release|Any CPU.ActiveCfg = release|[none]
		{7D13BAC2-C6A4-416A-B07E-C169B199E52B}.Release|IOS.ActiveCfg = release|xamarin.ios
		{7D13BAC2-C6A4-416A-B07E-C169B199E52B}.Release|IOS.Build.0 = release|xamarin.ios
		{7D13BAC2-C6A4-416A-B07E-C169B199E52B}.Release|monoDroid.ActiveCfg = release|monoDroid
		{7D13BAC2-C6A4-416A-B07E-C169B199E52B}.Release|pack.ActiveCfg = release|pack
		{7D13BAC2-C6A4-416A-B07E-C169B199E52B}.Release|Portable.ActiveCfg = release|dotnet
		{7D13BAC2-C6A4-416A-B07E-C169B199E52B}.Release|Portable.Build.0 = release|dotnet
		{7D13BAC2-C6A4-416A-B07E-C169B199E52B}.Release|Win Phone.ActiveCfg = release|wpa
		{7D13BAC2-C6A4-416A-B07E-C169B199E52B}.Release|Win Phone.Build.0 = release|wpa
		{7D13BAC2-C6A4-416A-B07E-C169B199E52B}.Release|Win Tablet (arm).ActiveCfg = release|win
		{7D13BAC2-C6A4-416A-B07E-C169B199E52B}.Release|Win Tablet (arm).Build.0 = release|win
		{7D13BAC2-C6A4-416A-B07E-C169B199E52B}.Release|Win Tablet (x32).ActiveCfg = release|win
		{7D13BAC2-C6A4-416A-B07E-C169B199E52B}.Release|Win Tablet (x32).Build.0 = release|win
		{7D13BAC2-C6A4-416A-B07E-C169B199E52B}.Release|Win Tablet (x64).ActiveCfg = release|win
		{7D13BAC2-C6A4-416A-B07E-C169B199E52B}.Release|Win Tablet (x64).Build.0 = release|win
		{7D13BAC2-C6A4-416A-B07E-C169B199E52B}.Release|Win Universal.ActiveCfg = release|uap
		{7D13BAC2-C6A4-416A-B07E-C169B199E52B}.Release|Win Universal.Build.0 = release|uap
		{7D13BAC2-C6A4-416A-B07E-C169B199E52B}.Turkey|[none].ActiveCfg = release|[none]
		{7D13BAC2-C6A4-416A-B07E-C169B199E52B}.Turkey|Android.ActiveCfg = release|pack
		{7D13BAC2-C6A4-416A-B07E-C169B199E52B}.Turkey|Any CPU.ActiveCfg = release|[none]
		{7D13BAC2-C6A4-416A-B07E-C169B199E52B}.Turkey|IOS.ActiveCfg = release|pack
		{7D13BAC2-C6A4-416A-B07E-C169B199E52B}.Turkey|monoDroid.ActiveCfg = release|monoDroid
		{7D13BAC2-C6A4-416A-B07E-C169B199E52B}.Turkey|pack.ActiveCfg = debug|pack
		{7D13BAC2-C6A4-416A-B07E-C169B199E52B}.Turkey|Portable.ActiveCfg = release|pack
		{7D13BAC2-C6A4-416A-B07E-C169B199E52B}.Turkey|Win Phone.ActiveCfg = release|pack
		{7D13BAC2-C6A4-416A-B07E-C169B199E52B}.Turkey|Win Tablet (arm).ActiveCfg = release|pack
		{7D13BAC2-C6A4-416A-B07E-C169B199E52B}.Turkey|Win Tablet (x32).ActiveCfg = release|pack
		{7D13BAC2-C6A4-416A-B07E-C169B199E52B}.Turkey|Win Tablet (x64).ActiveCfg = release|pack
		{7D13BAC2-C6A4-416A-B07E-C169B199E52B}.Turkey|Win Universal.ActiveCfg = release|pack
		{3B72465B-ACAE-43AE-9327-10F372FE5F80}.Debug|[none].ActiveCfg = debug|[none]
		{3B72465B-ACAE-43AE-9327-10F372FE5F80}.Debug|Android.ActiveCfg = debug|monoDroid.bindings
		{3B72465B-ACAE-43AE-9327-10F372FE5F80}.Debug|Any CPU.ActiveCfg = debug|[none]
		{3B72465B-ACAE-43AE-9327-10F372FE5F80}.Debug|IOS.ActiveCfg = debug|monoDroid.bindings
		{3B72465B-ACAE-43AE-9327-10F372FE5F80}.Debug|monoDroid.ActiveCfg = debug|monoDroid.bindings
		{3B72465B-ACAE-43AE-9327-10F372FE5F80}.Debug|pack.ActiveCfg = debug|pack
		{3B72465B-ACAE-43AE-9327-10F372FE5F80}.Debug|Portable.ActiveCfg = debug|pack
		{3B72465B-ACAE-43AE-9327-10F372FE5F80}.Debug|Win Phone.ActiveCfg = debug|monoDroid.bindings
		{3B72465B-ACAE-43AE-9327-10F372FE5F80}.Debug|Win Tablet (arm).ActiveCfg = debug|monoDroid.bindings
		{3B72465B-ACAE-43AE-9327-10F372FE5F80}.Debug|Win Tablet (x32).ActiveCfg = debug|monoDroid.bindings
		{3B72465B-ACAE-43AE-9327-10F372FE5F80}.Debug|Win Tablet (x64).ActiveCfg = debug|monoDroid.bindings
		{3B72465B-ACAE-43AE-9327-10F372FE5F80}.Debug|Win Universal.ActiveCfg = debug|monoDroid.bindings
		{3B72465B-ACAE-43AE-9327-10F372FE5F80}.Release|[none].ActiveCfg = release|[none]
		{3B72465B-ACAE-43AE-9327-10F372FE5F80}.Release|Android.ActiveCfg = release|monoDroid.bindings
		{3B72465B-ACAE-43AE-9327-10F372FE5F80}.Release|Any CPU.ActiveCfg = release|[none]
		{3B72465B-ACAE-43AE-9327-10F372FE5F80}.Release|IOS.ActiveCfg = release|monoDroid.bindings
		{3B72465B-ACAE-43AE-9327-10F372FE5F80}.Release|monoDroid.ActiveCfg = release|monoDroid.bindings
		{3B72465B-ACAE-43AE-9327-10F372FE5F80}.Release|pack.ActiveCfg = release|pack
		{3B72465B-ACAE-43AE-9327-10F372FE5F80}.Release|Portable.ActiveCfg = release|pack
		{3B72465B-ACAE-43AE-9327-10F372FE5F80}.Release|Win Phone.ActiveCfg = release|monoDroid.bindings
		{3B72465B-ACAE-43AE-9327-10F372FE5F80}.Release|Win Tablet (arm).ActiveCfg = release|monoDroid.bindings
		{3B72465B-ACAE-43AE-9327-10F372FE5F80}.Release|Win Tablet (x32).ActiveCfg = release|monoDroid.bindings
		{3B72465B-ACAE-43AE-9327-10F372FE5F80}.Release|Win Tablet (x64).ActiveCfg = release|monoDroid.bindings
		{3B72465B-ACAE-43AE-9327-10F372FE5F80}.Release|Win Universal.ActiveCfg = release|monoDroid.bindings
		{3B72465B-ACAE-43AE-9327-10F372FE5F80}.Turkey|[none].ActiveCfg = release|[none]
		{3B72465B-ACAE-43AE-9327-10F372FE5F80}.Turkey|Android.ActiveCfg = release|monoDroid.bindings
		{3B72465B-ACAE-43AE-9327-10F372FE5F80}.Turkey|Android.Build.0 = release|monoDroid.bindings
		{3B72465B-ACAE-43AE-9327-10F372FE5F80}.Turkey|Any CPU.ActiveCfg = release|[none]
		{3B72465B-ACAE-43AE-9327-10F372FE5F80}.Turkey|IOS.ActiveCfg = release|monoDroid.bindings
		{3B72465B-ACAE-43AE-9327-10F372FE5F80}.Turkey|IOS.Build.0 = release|monoDroid.bindings
		{3B72465B-ACAE-43AE-9327-10F372FE5F80}.Turkey|monoDroid.ActiveCfg = release|[none]
		{3B72465B-ACAE-43AE-9327-10F372FE5F80}.Turkey|pack.ActiveCfg = release|pack
		{3B72465B-ACAE-43AE-9327-10F372FE5F80}.Turkey|Portable.ActiveCfg = release|monoDroid.bindings
		{3B72465B-ACAE-43AE-9327-10F372FE5F80}.Turkey|Portable.Build.0 = release|monoDroid.bindings
		{3B72465B-ACAE-43AE-9327-10F372FE5F80}.Turkey|Win Phone.ActiveCfg = release|monoDroid.bindings
		{3B72465B-ACAE-43AE-9327-10F372FE5F80}.Turkey|Win Phone.Build.0 = release|monoDroid.bindings
		{3B72465B-ACAE-43AE-9327-10F372FE5F80}.Turkey|Win Tablet (arm).ActiveCfg = release|monoDroid.bindings
		{3B72465B-ACAE-43AE-9327-10F372FE5F80}.Turkey|Win Tablet (arm).Build.0 = release|monoDroid.bindings
		{3B72465B-ACAE-43AE-9327-10F372FE5F80}.Turkey|Win Tablet (x32).ActiveCfg = release|monoDroid.bindings
		{3B72465B-ACAE-43AE-9327-10F372FE5F80}.Turkey|Win Tablet (x32).Build.0 = release|monoDroid.bindings
		{3B72465B-ACAE-43AE-9327-10F372FE5F80}.Turkey|Win Tablet (x64).ActiveCfg = release|monoDroid.bindings
		{3B72465B-ACAE-43AE-9327-10F372FE5F80}.Turkey|Win Tablet (x64).Build.0 = release|monoDroid.bindings
		{3B72465B-ACAE-43AE-9327-10F372FE5F80}.Turkey|Win Universal.ActiveCfg = release|monoDroid.bindings
		{3B72465B-ACAE-43AE-9327-10F372FE5F80}.Turkey|Win Universal.Build.0 = release|monoDroid.bindings
		{9DB2F292-8034-4E06-89AD-98BBDA4306B9}.Debug|[none].ActiveCfg = debug|[none]
		{9DB2F292-8034-4E06-89AD-98BBDA4306B9}.Debug|Android.ActiveCfg = debug|dotnet
		{9DB2F292-8034-4E06-89AD-98BBDA4306B9}.Debug|Any CPU.ActiveCfg = debug|dotnet
		{9DB2F292-8034-4E06-89AD-98BBDA4306B9}.Debug|IOS.ActiveCfg = debug|dotnet
		{9DB2F292-8034-4E06-89AD-98BBDA4306B9}.Debug|monoDroid.ActiveCfg = debug|dotnet
		{9DB2F292-8034-4E06-89AD-98BBDA4306B9}.Debug|pack.ActiveCfg = debug|pack
		{9DB2F292-8034-4E06-89AD-98BBDA4306B9}.Debug|Portable.ActiveCfg = debug|pack
		{9DB2F292-8034-4E06-89AD-98BBDA4306B9}.Debug|Win Phone.ActiveCfg = debug|dotnet
		{9DB2F292-8034-4E06-89AD-98BBDA4306B9}.Debug|Win Tablet (arm).ActiveCfg = debug|dotnet
		{9DB2F292-8034-4E06-89AD-98BBDA4306B9}.Debug|Win Tablet (x32).ActiveCfg = debug|dotnet
		{9DB2F292-8034-4E06-89AD-98BBDA4306B9}.Debug|Win Tablet (x64).ActiveCfg = debug|dotnet
		{9DB2F292-8034-4E06-89AD-98BBDA4306B9}.Debug|Win Universal.ActiveCfg = debug|dotnet
		{9DB2F292-8034-4E06-89AD-98BBDA4306B9}.Release|[none].ActiveCfg = release|[none]
		{9DB2F292-8034-4E06-89AD-98BBDA4306B9}.Release|Android.ActiveCfg = release|dotnet
		{9DB2F292-8034-4E06-89AD-98BBDA4306B9}.Release|Any CPU.ActiveCfg = release|dotnet
		{9DB2F292-8034-4E06-89AD-98BBDA4306B9}.Release|IOS.ActiveCfg = release|dotnet
		{9DB2F292-8034-4E06-89AD-98BBDA4306B9}.Release|monoDroid.ActiveCfg = release|dotnet
		{9DB2F292-8034-4E06-89AD-98BBDA4306B9}.Release|pack.ActiveCfg = release|pack
		{9DB2F292-8034-4E06-89AD-98BBDA4306B9}.Release|Portable.ActiveCfg = release|pack
		{9DB2F292-8034-4E06-89AD-98BBDA4306B9}.Release|Win Phone.ActiveCfg = release|dotnet
		{9DB2F292-8034-4E06-89AD-98BBDA4306B9}.Release|Win Tablet (arm).ActiveCfg = release|dotnet
		{9DB2F292-8034-4E06-89AD-98BBDA4306B9}.Release|Win Tablet (x32).ActiveCfg = release|dotnet
		{9DB2F292-8034-4E06-89AD-98BBDA4306B9}.Release|Win Tablet (x64).ActiveCfg = release|dotnet
		{9DB2F292-8034-4E06-89AD-98BBDA4306B9}.Release|Win Universal.ActiveCfg = release|dotnet
		{9DB2F292-8034-4E06-89AD-98BBDA4306B9}.Turkey|[none].ActiveCfg = release|[none]
		{9DB2F292-8034-4E06-89AD-98BBDA4306B9}.Turkey|Android.ActiveCfg = release|dotnet
		{9DB2F292-8034-4E06-89AD-98BBDA4306B9}.Turkey|Android.Build.0 = release|dotnet
		{9DB2F292-8034-4E06-89AD-98BBDA4306B9}.Turkey|Any CPU.ActiveCfg = release|dotnet
		{9DB2F292-8034-4E06-89AD-98BBDA4306B9}.Turkey|IOS.ActiveCfg = release|dotnet
		{9DB2F292-8034-4E06-89AD-98BBDA4306B9}.Turkey|IOS.Build.0 = release|dotnet
		{9DB2F292-8034-4E06-89AD-98BBDA4306B9}.Turkey|monoDroid.ActiveCfg = release|dotnet
		{9DB2F292-8034-4E06-89AD-98BBDA4306B9}.Turkey|pack.ActiveCfg = release|pack
		{9DB2F292-8034-4E06-89AD-98BBDA4306B9}.Turkey|Portable.ActiveCfg = release|dotnet
		{9DB2F292-8034-4E06-89AD-98BBDA4306B9}.Turkey|Portable.Build.0 = release|dotnet
		{9DB2F292-8034-4E06-89AD-98BBDA4306B9}.Turkey|Win Phone.ActiveCfg = release|dotnet
		{9DB2F292-8034-4E06-89AD-98BBDA4306B9}.Turkey|Win Phone.Build.0 = release|dotnet
		{9DB2F292-8034-4E06-89AD-98BBDA4306B9}.Turkey|Win Tablet (arm).ActiveCfg = release|dotnet
		{9DB2F292-8034-4E06-89AD-98BBDA4306B9}.Turkey|Win Tablet (arm).Build.0 = release|dotnet
		{9DB2F292-8034-4E06-89AD-98BBDA4306B9}.Turkey|Win Tablet (x32).ActiveCfg = release|dotnet
		{9DB2F292-8034-4E06-89AD-98BBDA4306B9}.Turkey|Win Tablet (x32).Build.0 = release|dotnet
		{9DB2F292-8034-4E06-89AD-98BBDA4306B9}.Turkey|Win Tablet (x64).ActiveCfg = release|dotnet
		{9DB2F292-8034-4E06-89AD-98BBDA4306B9}.Turkey|Win Tablet (x64).Build.0 = release|dotnet
		{9DB2F292-8034-4E06-89AD-98BBDA4306B9}.Turkey|Win Universal.ActiveCfg = release|dotnet
		{9DB2F292-8034-4E06-89AD-98BBDA4306B9}.Turkey|Win Universal.Build.0 = release|dotnet
		{65BC4888-CC59-428A-9B75-540CF1C09480}.Debug|[none].ActiveCfg = Debug|Any CPU
		{65BC4888-CC59-428A-9B75-540CF1C09480}.Debug|Android.ActiveCfg = Debug|Any CPU
		{65BC4888-CC59-428A-9B75-540CF1C09480}.Debug|Any CPU.ActiveCfg = Debug|Any CPU
		{65BC4888-CC59-428A-9B75-540CF1C09480}.Debug|IOS.ActiveCfg = Debug|Any CPU
		{65BC4888-CC59-428A-9B75-540CF1C09480}.Debug|monoDroid.ActiveCfg = Debug|Any CPU
		{65BC4888-CC59-428A-9B75-540CF1C09480}.Debug|pack.ActiveCfg = Debug|Any CPU
		{65BC4888-CC59-428A-9B75-540CF1C09480}.Debug|Portable.ActiveCfg = Debug|Any CPU
		{65BC4888-CC59-428A-9B75-540CF1C09480}.Debug|Win Phone.ActiveCfg = Debug|Any CPU
		{65BC4888-CC59-428A-9B75-540CF1C09480}.Debug|Win Tablet (arm).ActiveCfg = Debug|Any CPU
		{65BC4888-CC59-428A-9B75-540CF1C09480}.Debug|Win Tablet (x32).ActiveCfg = Debug|Any CPU
		{65BC4888-CC59-428A-9B75-540CF1C09480}.Debug|Win Tablet (x64).ActiveCfg = Debug|Any CPU
		{65BC4888-CC59-428A-9B75-540CF1C09480}.Debug|Win Universal.ActiveCfg = Debug|Any CPU
		{65BC4888-CC59-428A-9B75-540CF1C09480}.Release|[none].ActiveCfg = Release|Any CPU
		{65BC4888-CC59-428A-9B75-540CF1C09480}.Release|Android.ActiveCfg = Release|Any CPU
		{65BC4888-CC59-428A-9B75-540CF1C09480}.Release|Any CPU.ActiveCfg = Release|Any CPU
		{65BC4888-CC59-428A-9B75-540CF1C09480}.Release|IOS.ActiveCfg = Release|Any CPU
		{65BC4888-CC59-428A-9B75-540CF1C09480}.Release|monoDroid.ActiveCfg = Release|Any CPU
		{65BC4888-CC59-428A-9B75-540CF1C09480}.Release|pack.ActiveCfg = Release|Any CPU
		{65BC4888-CC59-428A-9B75-540CF1C09480}.Release|Portable.ActiveCfg = Release|Any CPU
		{65BC4888-CC59-428A-9B75-540CF1C09480}.Release|Win Phone.ActiveCfg = Release|Any CPU
		{65BC4888-CC59-428A-9B75-540CF1C09480}.Release|Win Tablet (arm).ActiveCfg = Release|Any CPU
		{65BC4888-CC59-428A-9B75-540CF1C09480}.Release|Win Tablet (x32).ActiveCfg = Release|Any CPU
		{65BC4888-CC59-428A-9B75-540CF1C09480}.Release|Win Tablet (x64).ActiveCfg = Release|Any CPU
		{65BC4888-CC59-428A-9B75-540CF1C09480}.Release|Win Universal.ActiveCfg = Release|Any CPU
		{65BC4888-CC59-428A-9B75-540CF1C09480}.Turkey|[none].ActiveCfg = Release|Any CPU
		{65BC4888-CC59-428A-9B75-540CF1C09480}.Turkey|Android.ActiveCfg = Release|Any CPU
		{65BC4888-CC59-428A-9B75-540CF1C09480}.Turkey|Android.Build.0 = Release|Any CPU
		{65BC4888-CC59-428A-9B75-540CF1C09480}.Turkey|Any CPU.ActiveCfg = Release|Any CPU
		{65BC4888-CC59-428A-9B75-540CF1C09480}.Turkey|IOS.ActiveCfg = Release|Any CPU
		{65BC4888-CC59-428A-9B75-540CF1C09480}.Turkey|IOS.Build.0 = Release|Any CPU
		{65BC4888-CC59-428A-9B75-540CF1C09480}.Turkey|monoDroid.ActiveCfg = Release|Any CPU
		{65BC4888-CC59-428A-9B75-540CF1C09480}.Turkey|pack.ActiveCfg = Release|Any CPU
		{65BC4888-CC59-428A-9B75-540CF1C09480}.Turkey|Portable.ActiveCfg = Release|Any CPU
		{65BC4888-CC59-428A-9B75-540CF1C09480}.Turkey|Portable.Build.0 = Release|Any CPU
		{65BC4888-CC59-428A-9B75-540CF1C09480}.Turkey|Win Phone.ActiveCfg = Release|Any CPU
		{65BC4888-CC59-428A-9B75-540CF1C09480}.Turkey|Win Phone.Build.0 = Release|Any CPU
		{65BC4888-CC59-428A-9B75-540CF1C09480}.Turkey|Win Tablet (arm).ActiveCfg = Release|Any CPU
		{65BC4888-CC59-428A-9B75-540CF1C09480}.Turkey|Win Tablet (arm).Build.0 = Release|Any CPU
		{65BC4888-CC59-428A-9B75-540CF1C09480}.Turkey|Win Tablet (x32).ActiveCfg = Release|Any CPU
		{65BC4888-CC59-428A-9B75-540CF1C09480}.Turkey|Win Tablet (x32).Build.0 = Release|Any CPU
		{65BC4888-CC59-428A-9B75-540CF1C09480}.Turkey|Win Tablet (x64).ActiveCfg = Release|Any CPU
		{65BC4888-CC59-428A-9B75-540CF1C09480}.Turkey|Win Tablet (x64).Build.0 = Release|Any CPU
		{65BC4888-CC59-428A-9B75-540CF1C09480}.Turkey|Win Universal.ActiveCfg = Release|Any CPU
		{65BC4888-CC59-428A-9B75-540CF1C09480}.Turkey|Win Universal.Build.0 = Release|Any CPU
		{928A23F3-2330-4F9F-B6A3-BFE01FE2A2DF}.Debug|[none].ActiveCfg = Debug|Any CPU
		{928A23F3-2330-4F9F-B6A3-BFE01FE2A2DF}.Debug|Android.ActiveCfg = Debug|Any CPU
		{928A23F3-2330-4F9F-B6A3-BFE01FE2A2DF}.Debug|Any CPU.ActiveCfg = Debug|Any CPU
		{928A23F3-2330-4F9F-B6A3-BFE01FE2A2DF}.Debug|IOS.ActiveCfg = Debug|Any CPU
		{928A23F3-2330-4F9F-B6A3-BFE01FE2A2DF}.Debug|monoDroid.ActiveCfg = Debug|Any CPU
		{928A23F3-2330-4F9F-B6A3-BFE01FE2A2DF}.Debug|pack.ActiveCfg = Debug|Any CPU
		{928A23F3-2330-4F9F-B6A3-BFE01FE2A2DF}.Debug|Portable.ActiveCfg = Debug|Any CPU
		{928A23F3-2330-4F9F-B6A3-BFE01FE2A2DF}.Debug|Win Phone.ActiveCfg = Debug|Any CPU
		{928A23F3-2330-4F9F-B6A3-BFE01FE2A2DF}.Debug|Win Tablet (arm).ActiveCfg = Debug|Any CPU
		{928A23F3-2330-4F9F-B6A3-BFE01FE2A2DF}.Debug|Win Tablet (x32).ActiveCfg = Debug|Any CPU
		{928A23F3-2330-4F9F-B6A3-BFE01FE2A2DF}.Debug|Win Tablet (x64).ActiveCfg = Debug|Any CPU
		{928A23F3-2330-4F9F-B6A3-BFE01FE2A2DF}.Debug|Win Universal.ActiveCfg = Debug|Any CPU
		{928A23F3-2330-4F9F-B6A3-BFE01FE2A2DF}.Release|[none].ActiveCfg = Release|Any CPU
		{928A23F3-2330-4F9F-B6A3-BFE01FE2A2DF}.Release|Android.ActiveCfg = Release|Any CPU
		{928A23F3-2330-4F9F-B6A3-BFE01FE2A2DF}.Release|Any CPU.ActiveCfg = Release|Any CPU
		{928A23F3-2330-4F9F-B6A3-BFE01FE2A2DF}.Release|IOS.ActiveCfg = Release|Any CPU
		{928A23F3-2330-4F9F-B6A3-BFE01FE2A2DF}.Release|monoDroid.ActiveCfg = Release|Any CPU
		{928A23F3-2330-4F9F-B6A3-BFE01FE2A2DF}.Release|pack.ActiveCfg = Release|Any CPU
		{928A23F3-2330-4F9F-B6A3-BFE01FE2A2DF}.Release|Portable.ActiveCfg = Release|Any CPU
		{928A23F3-2330-4F9F-B6A3-BFE01FE2A2DF}.Release|Win Phone.ActiveCfg = Release|Any CPU
		{928A23F3-2330-4F9F-B6A3-BFE01FE2A2DF}.Release|Win Tablet (arm).ActiveCfg = Release|Any CPU
		{928A23F3-2330-4F9F-B6A3-BFE01FE2A2DF}.Release|Win Tablet (x32).ActiveCfg = Release|Any CPU
		{928A23F3-2330-4F9F-B6A3-BFE01FE2A2DF}.Release|Win Tablet (x64).ActiveCfg = Release|Any CPU
		{928A23F3-2330-4F9F-B6A3-BFE01FE2A2DF}.Release|Win Universal.ActiveCfg = Release|Any CPU
		{928A23F3-2330-4F9F-B6A3-BFE01FE2A2DF}.Turkey|[none].ActiveCfg = Turkey|Any CPU
		{928A23F3-2330-4F9F-B6A3-BFE01FE2A2DF}.Turkey|Android.ActiveCfg = Turkey|Any CPU
		{928A23F3-2330-4F9F-B6A3-BFE01FE2A2DF}.Turkey|Android.Build.0 = Turkey|Any CPU
		{928A23F3-2330-4F9F-B6A3-BFE01FE2A2DF}.Turkey|Any CPU.ActiveCfg = Turkey|Any CPU
		{928A23F3-2330-4F9F-B6A3-BFE01FE2A2DF}.Turkey|IOS.ActiveCfg = Turkey|Any CPU
		{928A23F3-2330-4F9F-B6A3-BFE01FE2A2DF}.Turkey|IOS.Build.0 = Turkey|Any CPU
		{928A23F3-2330-4F9F-B6A3-BFE01FE2A2DF}.Turkey|monoDroid.ActiveCfg = Turkey|Any CPU
		{928A23F3-2330-4F9F-B6A3-BFE01FE2A2DF}.Turkey|pack.ActiveCfg = Turkey|Any CPU
		{928A23F3-2330-4F9F-B6A3-BFE01FE2A2DF}.Turkey|Portable.ActiveCfg = Turkey|Any CPU
		{928A23F3-2330-4F9F-B6A3-BFE01FE2A2DF}.Turkey|Portable.Build.0 = Turkey|Any CPU
		{928A23F3-2330-4F9F-B6A3-BFE01FE2A2DF}.Turkey|Win Phone.ActiveCfg = Turkey|Any CPU
		{928A23F3-2330-4F9F-B6A3-BFE01FE2A2DF}.Turkey|Win Phone.Build.0 = Turkey|Any CPU
		{928A23F3-2330-4F9F-B6A3-BFE01FE2A2DF}.Turkey|Win Tablet (arm).ActiveCfg = Turkey|Any CPU
		{928A23F3-2330-4F9F-B6A3-BFE01FE2A2DF}.Turkey|Win Tablet (arm).Build.0 = Turkey|Any CPU
		{928A23F3-2330-4F9F-B6A3-BFE01FE2A2DF}.Turkey|Win Tablet (x32).ActiveCfg = Turkey|Any CPU
		{928A23F3-2330-4F9F-B6A3-BFE01FE2A2DF}.Turkey|Win Tablet (x32).Build.0 = Turkey|Any CPU
		{928A23F3-2330-4F9F-B6A3-BFE01FE2A2DF}.Turkey|Win Tablet (x64).ActiveCfg = Turkey|Any CPU
		{928A23F3-2330-4F9F-B6A3-BFE01FE2A2DF}.Turkey|Win Tablet (x64).Build.0 = Turkey|Any CPU
		{928A23F3-2330-4F9F-B6A3-BFE01FE2A2DF}.Turkey|Win Universal.ActiveCfg = Turkey|Any CPU
		{928A23F3-2330-4F9F-B6A3-BFE01FE2A2DF}.Turkey|Win Universal.Build.0 = Turkey|Any CPU
		{D597E3C6-1A50-4042-99FA-3E7CE28E4819}.Debug|[none].ActiveCfg = Debug|Any CPU
		{D597E3C6-1A50-4042-99FA-3E7CE28E4819}.Debug|Android.ActiveCfg = Debug|Any CPU
		{D597E3C6-1A50-4042-99FA-3E7CE28E4819}.Debug|Any CPU.ActiveCfg = Debug|Any CPU
		{D597E3C6-1A50-4042-99FA-3E7CE28E4819}.Debug|IOS.ActiveCfg = Debug|Any CPU
		{D597E3C6-1A50-4042-99FA-3E7CE28E4819}.Debug|monoDroid.ActiveCfg = Debug|Any CPU
		{D597E3C6-1A50-4042-99FA-3E7CE28E4819}.Debug|pack.ActiveCfg = Debug|Any CPU
		{D597E3C6-1A50-4042-99FA-3E7CE28E4819}.Debug|Portable.ActiveCfg = Debug|Any CPU
		{D597E3C6-1A50-4042-99FA-3E7CE28E4819}.Debug|Win Phone.ActiveCfg = Debug|Any CPU
		{D597E3C6-1A50-4042-99FA-3E7CE28E4819}.Debug|Win Tablet (arm).ActiveCfg = Debug|Any CPU
		{D597E3C6-1A50-4042-99FA-3E7CE28E4819}.Debug|Win Tablet (x32).ActiveCfg = Debug|Any CPU
		{D597E3C6-1A50-4042-99FA-3E7CE28E4819}.Debug|Win Tablet (x64).ActiveCfg = Debug|Any CPU
		{D597E3C6-1A50-4042-99FA-3E7CE28E4819}.Debug|Win Universal.ActiveCfg = Debug|Any CPU
		{D597E3C6-1A50-4042-99FA-3E7CE28E4819}.Release|[none].ActiveCfg = Release|Any CPU
		{D597E3C6-1A50-4042-99FA-3E7CE28E4819}.Release|Android.ActiveCfg = Release|Any CPU
		{D597E3C6-1A50-4042-99FA-3E7CE28E4819}.Release|Any CPU.ActiveCfg = Release|Any CPU
		{D597E3C6-1A50-4042-99FA-3E7CE28E4819}.Release|IOS.ActiveCfg = Release|Any CPU
		{D597E3C6-1A50-4042-99FA-3E7CE28E4819}.Release|monoDroid.ActiveCfg = Release|Any CPU
		{D597E3C6-1A50-4042-99FA-3E7CE28E4819}.Release|pack.ActiveCfg = Release|Any CPU
		{D597E3C6-1A50-4042-99FA-3E7CE28E4819}.Release|Portable.ActiveCfg = Release|Any CPU
		{D597E3C6-1A50-4042-99FA-3E7CE28E4819}.Release|Win Phone.ActiveCfg = Release|Any CPU
		{D597E3C6-1A50-4042-99FA-3E7CE28E4819}.Release|Win Tablet (arm).ActiveCfg = Release|Any CPU
		{D597E3C6-1A50-4042-99FA-3E7CE28E4819}.Release|Win Tablet (x32).ActiveCfg = Release|Any CPU
		{D597E3C6-1A50-4042-99FA-3E7CE28E4819}.Release|Win Tablet (x64).ActiveCfg = Release|Any CPU
		{D597E3C6-1A50-4042-99FA-3E7CE28E4819}.Release|Win Universal.ActiveCfg = Release|Any CPU
		{D597E3C6-1A50-4042-99FA-3E7CE28E4819}.Turkey|[none].ActiveCfg = Turkey|Any CPU
		{D597E3C6-1A50-4042-99FA-3E7CE28E4819}.Turkey|Android.ActiveCfg = Turkey|Any CPU
		{D597E3C6-1A50-4042-99FA-3E7CE28E4819}.Turkey|Android.Build.0 = Turkey|Any CPU
		{D597E3C6-1A50-4042-99FA-3E7CE28E4819}.Turkey|Any CPU.ActiveCfg = Turkey|Any CPU
		{D597E3C6-1A50-4042-99FA-3E7CE28E4819}.Turkey|IOS.ActiveCfg = Turkey|Any CPU
		{D597E3C6-1A50-4042-99FA-3E7CE28E4819}.Turkey|IOS.Build.0 = Turkey|Any CPU
		{D597E3C6-1A50-4042-99FA-3E7CE28E4819}.Turkey|monoDroid.ActiveCfg = Turkey|Any CPU
		{D597E3C6-1A50-4042-99FA-3E7CE28E4819}.Turkey|pack.ActiveCfg = Turkey|Any CPU
		{D597E3C6-1A50-4042-99FA-3E7CE28E4819}.Turkey|Portable.ActiveCfg = Turkey|Any CPU
		{D597E3C6-1A50-4042-99FA-3E7CE28E4819}.Turkey|Portable.Build.0 = Turkey|Any CPU
		{D597E3C6-1A50-4042-99FA-3E7CE28E4819}.Turkey|Win Phone.ActiveCfg = Turkey|Any CPU
		{D597E3C6-1A50-4042-99FA-3E7CE28E4819}.Turkey|Win Phone.Build.0 = Turkey|Any CPU
		{D597E3C6-1A50-4042-99FA-3E7CE28E4819}.Turkey|Win Tablet (arm).ActiveCfg = Turkey|Any CPU
		{D597E3C6-1A50-4042-99FA-3E7CE28E4819}.Turkey|Win Tablet (arm).Build.0 = Turkey|Any CPU
		{D597E3C6-1A50-4042-99FA-3E7CE28E4819}.Turkey|Win Tablet (x32).ActiveCfg = Turkey|Any CPU
		{D597E3C6-1A50-4042-99FA-3E7CE28E4819}.Turkey|Win Tablet (x32).Build.0 = Turkey|Any CPU
		{D597E3C6-1A50-4042-99FA-3E7CE28E4819}.Turkey|Win Tablet (x64).ActiveCfg = Turkey|Any CPU
		{D597E3C6-1A50-4042-99FA-3E7CE28E4819}.Turkey|Win Tablet (x64).Build.0 = Turkey|Any CPU
		{D597E3C6-1A50-4042-99FA-3E7CE28E4819}.Turkey|Win Universal.ActiveCfg = Turkey|Any CPU
		{D597E3C6-1A50-4042-99FA-3E7CE28E4819}.Turkey|Win Universal.Build.0 = Turkey|Any CPU
		{A3F22767-213E-46F4-B639-5565668AE2FF}.Debug|[none].ActiveCfg = debug|[none]
		{A3F22767-213E-46F4-B639-5565668AE2FF}.Debug|[none].Build.0 = debug|[none]
		{A3F22767-213E-46F4-B639-5565668AE2FF}.Debug|Android.ActiveCfg = debug|monoDroid
		{A3F22767-213E-46F4-B639-5565668AE2FF}.Debug|Any CPU.ActiveCfg = debug|monoDroid
		{A3F22767-213E-46F4-B639-5565668AE2FF}.Debug|IOS.ActiveCfg = debug|monoDroid
		{A3F22767-213E-46F4-B639-5565668AE2FF}.Debug|monoDroid.ActiveCfg = debug|monoDroid
		{A3F22767-213E-46F4-B639-5565668AE2FF}.Debug|monoDroid.Build.0 = debug|monoDroid
		{A3F22767-213E-46F4-B639-5565668AE2FF}.Debug|pack.ActiveCfg = debug|pack
		{A3F22767-213E-46F4-B639-5565668AE2FF}.Debug|pack.Build.0 = debug|pack
		{A3F22767-213E-46F4-B639-5565668AE2FF}.Debug|Portable.ActiveCfg = debug|pack
		{A3F22767-213E-46F4-B639-5565668AE2FF}.Debug|Win Phone.ActiveCfg = debug|monoDroid
		{A3F22767-213E-46F4-B639-5565668AE2FF}.Debug|Win Tablet (arm).ActiveCfg = debug|monoDroid
		{A3F22767-213E-46F4-B639-5565668AE2FF}.Debug|Win Tablet (x32).ActiveCfg = debug|monoDroid
		{A3F22767-213E-46F4-B639-5565668AE2FF}.Debug|Win Tablet (x64).ActiveCfg = debug|monoDroid
		{A3F22767-213E-46F4-B639-5565668AE2FF}.Debug|Win Universal.ActiveCfg = debug|monoDroid
		{A3F22767-213E-46F4-B639-5565668AE2FF}.Release|[none].ActiveCfg = release|[none]
		{A3F22767-213E-46F4-B639-5565668AE2FF}.Release|[none].Build.0 = release|[none]
		{A3F22767-213E-46F4-B639-5565668AE2FF}.Release|Android.ActiveCfg = release|monoDroid
		{A3F22767-213E-46F4-B639-5565668AE2FF}.Release|Any CPU.ActiveCfg = release|monoDroid
		{A3F22767-213E-46F4-B639-5565668AE2FF}.Release|IOS.ActiveCfg = release|monoDroid
		{A3F22767-213E-46F4-B639-5565668AE2FF}.Release|monoDroid.ActiveCfg = release|monoDroid
		{A3F22767-213E-46F4-B639-5565668AE2FF}.Release|monoDroid.Build.0 = release|monoDroid
		{A3F22767-213E-46F4-B639-5565668AE2FF}.Release|pack.ActiveCfg = release|pack
		{A3F22767-213E-46F4-B639-5565668AE2FF}.Release|pack.Build.0 = release|pack
		{A3F22767-213E-46F4-B639-5565668AE2FF}.Release|Portable.ActiveCfg = release|pack
		{A3F22767-213E-46F4-B639-5565668AE2FF}.Release|Win Phone.ActiveCfg = release|monoDroid
		{A3F22767-213E-46F4-B639-5565668AE2FF}.Release|Win Tablet (arm).ActiveCfg = release|monoDroid
		{A3F22767-213E-46F4-B639-5565668AE2FF}.Release|Win Tablet (x32).ActiveCfg = release|monoDroid
		{A3F22767-213E-46F4-B639-5565668AE2FF}.Release|Win Tablet (x64).ActiveCfg = release|monoDroid
		{A3F22767-213E-46F4-B639-5565668AE2FF}.Release|Win Universal.ActiveCfg = release|monoDroid
		{A3F22767-213E-46F4-B639-5565668AE2FF}.Turkey|[none].ActiveCfg = release|[none]
		{A3F22767-213E-46F4-B639-5565668AE2FF}.Turkey|[none].Build.0 = release|[none]
		{A3F22767-213E-46F4-B639-5565668AE2FF}.Turkey|Android.ActiveCfg = release|monoDroid
		{A3F22767-213E-46F4-B639-5565668AE2FF}.Turkey|Android.Build.0 = release|monoDroid
		{A3F22767-213E-46F4-B639-5565668AE2FF}.Turkey|Any CPU.ActiveCfg = release|monoDroid
		{A3F22767-213E-46F4-B639-5565668AE2FF}.Turkey|Any CPU.Build.0 = release|monoDroid
		{A3F22767-213E-46F4-B639-5565668AE2FF}.Turkey|IOS.ActiveCfg = release|monoDroid
		{A3F22767-213E-46F4-B639-5565668AE2FF}.Turkey|IOS.Build.0 = release|monoDroid
		{A3F22767-213E-46F4-B639-5565668AE2FF}.Turkey|monoDroid.ActiveCfg = release|monoDroid
		{A3F22767-213E-46F4-B639-5565668AE2FF}.Turkey|monoDroid.Build.0 = release|monoDroid
		{A3F22767-213E-46F4-B639-5565668AE2FF}.Turkey|pack.ActiveCfg = release|pack
		{A3F22767-213E-46F4-B639-5565668AE2FF}.Turkey|pack.Build.0 = release|pack
		{A3F22767-213E-46F4-B639-5565668AE2FF}.Turkey|Portable.ActiveCfg = release|monoDroid
		{A3F22767-213E-46F4-B639-5565668AE2FF}.Turkey|Portable.Build.0 = release|monoDroid
		{A3F22767-213E-46F4-B639-5565668AE2FF}.Turkey|Win Phone.ActiveCfg = release|monoDroid
		{A3F22767-213E-46F4-B639-5565668AE2FF}.Turkey|Win Phone.Build.0 = release|monoDroid
		{A3F22767-213E-46F4-B639-5565668AE2FF}.Turkey|Win Tablet (arm).ActiveCfg = release|monoDroid
		{A3F22767-213E-46F4-B639-5565668AE2FF}.Turkey|Win Tablet (arm).Build.0 = release|monoDroid
		{A3F22767-213E-46F4-B639-5565668AE2FF}.Turkey|Win Tablet (x32).ActiveCfg = release|monoDroid
		{A3F22767-213E-46F4-B639-5565668AE2FF}.Turkey|Win Tablet (x32).Build.0 = release|monoDroid
		{A3F22767-213E-46F4-B639-5565668AE2FF}.Turkey|Win Tablet (x64).ActiveCfg = release|monoDroid
		{A3F22767-213E-46F4-B639-5565668AE2FF}.Turkey|Win Tablet (x64).Build.0 = release|monoDroid
		{A3F22767-213E-46F4-B639-5565668AE2FF}.Turkey|Win Universal.ActiveCfg = release|monoDroid
		{A3F22767-213E-46F4-B639-5565668AE2FF}.Turkey|Win Universal.Build.0 = release|monoDroid
	EndGlobalSection
	GlobalSection(SolutionProperties) = preSolution
		HideSolutionNode = FALSE
	EndGlobalSection
	GlobalSection(NestedProjects) = preSolution
		{67F9D3A8-F71E-4428-913F-C37AE82CDB24} = {453F471B-9F4F-4431-85F8-FB7BA2035659}
		{7D13BAC2-C6A4-416A-B07E-C169B199E52B} = {453F471B-9F4F-4431-85F8-FB7BA2035659}
		{3B72465B-ACAE-43AE-9327-10F372FE5F80} = {453F471B-9F4F-4431-85F8-FB7BA2035659}
		{8AE7217C-36ED-485A-BB41-7F99E3EA2424} = {453F471B-9F4F-4431-85F8-FB7BA2035659}
		{9DB2F292-8034-4E06-89AD-98BBDA4306B9} = {8AE7217C-36ED-485A-BB41-7F99E3EA2424}
		{65BC4888-CC59-428A-9B75-540CF1C09480} = {8AE7217C-36ED-485A-BB41-7F99E3EA2424}
		{928A23F3-2330-4F9F-B6A3-BFE01FE2A2DF} = {8AE7217C-36ED-485A-BB41-7F99E3EA2424}
		{D597E3C6-1A50-4042-99FA-3E7CE28E4819} = {8AE7217C-36ED-485A-BB41-7F99E3EA2424}
		{A3F22767-213E-46F4-B639-5565668AE2FF} = {453F471B-9F4F-4431-85F8-FB7BA2035659}
	EndGlobalSection
EndGlobal
